// !$*UTF8*$!
{
	archiveVersion = 1;
	classes = {
	};
	objectVersion = 55;
	objects = {

/* Begin PBXBuildFile section */
		3B6C478E2770EEDB008AD740 /* CustomPageControl.swift in Sources */ = {isa = PBXBuildFile; fileRef = 3B6C478D2770EEDB008AD740 /* CustomPageControl.swift */; };
		3B6C47902770EF19008AD740 /* UICollectionViewCell+Extension.swift in Sources */ = {isa = PBXBuildFile; fileRef = 3B6C478F2770EF19008AD740 /* UICollectionViewCell+Extension.swift */; };
		3B6C47922770EF51008AD740 /* UICollectionView+Extension.swift in Sources */ = {isa = PBXBuildFile; fileRef = 3B6C47912770EF51008AD740 /* UICollectionView+Extension.swift */; };
		3B6C47942770EF76008AD740 /* Validator+Extensions.swift in Sources */ = {isa = PBXBuildFile; fileRef = 3B6C47932770EF76008AD740 /* Validator+Extensions.swift */; };
		3B6C47962770EFD2008AD740 /* UITableView+Extension.swift in Sources */ = {isa = PBXBuildFile; fileRef = 3B6C47952770EFD2008AD740 /* UITableView+Extension.swift */; };
		3B6C47982770EFEC008AD740 /* UITableViewCell+Extension.swift in Sources */ = {isa = PBXBuildFile; fileRef = 3B6C47972770EFEC008AD740 /* UITableViewCell+Extension.swift */; };
		3B6C479A2770F05C008AD740 /* AppIntroDataService.swift in Sources */ = {isa = PBXBuildFile; fileRef = 3B6C47992770F05C008AD740 /* AppIntroDataService.swift */; };
		3B6C479C2770F14A008AD740 /* AppIntroViewModel.swift in Sources */ = {isa = PBXBuildFile; fileRef = 3B6C479B2770F14A008AD740 /* AppIntroViewModel.swift */; };
		3B6C479F277101E5008AD740 /* AppIntroPageModel.swift in Sources */ = {isa = PBXBuildFile; fileRef = 3B6C479E277101E5008AD740 /* AppIntroPageModel.swift */; };
		3B6C47A2277104C5008AD740 /* AppIntroPageCell.swift in Sources */ = {isa = PBXBuildFile; fileRef = 3B6C47A0277104C5008AD740 /* AppIntroPageCell.swift */; };
		3B6C47A3277104C5008AD740 /* AppIntroPageCell.xib in Resources */ = {isa = PBXBuildFile; fileRef = 3B6C47A1277104C5008AD740 /* AppIntroPageCell.xib */; };
		3B6C47A627729D8B008AD740 /* NetworkManager.swift in Sources */ = {isa = PBXBuildFile; fileRef = 3B6C47A527729D8A008AD740 /* NetworkManager.swift */; };
		3B6C47A827729DCC008AD740 /* URLExtensions.swift in Sources */ = {isa = PBXBuildFile; fileRef = 3B6C47A727729DCC008AD740 /* URLExtensions.swift */; };
		3B6C47AB27729EC8008AD740 /* ExchangeRatesConstants.swift in Sources */ = {isa = PBXBuildFile; fileRef = 3B6C47AA27729EC8008AD740 /* ExchangeRatesConstants.swift */; };
		3B6C47AD2772A203008AD740 /* ExchangeDataManager.swift in Sources */ = {isa = PBXBuildFile; fileRef = 3B6C47AC2772A203008AD740 /* ExchangeDataManager.swift */; };
		3B6C47AF2772A761008AD740 /* UDManager.swift in Sources */ = {isa = PBXBuildFile; fileRef = 3B6C47AE2772A761008AD740 /* UDManager.swift */; };
		3B6C47B12772A783008AD740 /* User.swift in Sources */ = {isa = PBXBuildFile; fileRef = 3B6C47B02772A783008AD740 /* User.swift */; };
		3B7C2DEB276B361600F7DD28 /* AppIntroViewController.swift in Sources */ = {isa = PBXBuildFile; fileRef = 3B7C2DEA276B361600F7DD28 /* AppIntroViewController.swift */; };
		3B7C2DED276B362400F7DD28 /* AppIntroViewController.storyboard in Resources */ = {isa = PBXBuildFile; fileRef = 3B7C2DEC276B362400F7DD28 /* AppIntroViewController.storyboard */; };
		3B7C2DF1276B37C200F7DD28 /* LogInViewController.swift in Sources */ = {isa = PBXBuildFile; fileRef = 3B7C2DF0276B37C200F7DD28 /* LogInViewController.swift */; };
		3B7C2DF3276B37CD00F7DD28 /* LogInViewController.storyboard in Resources */ = {isa = PBXBuildFile; fileRef = 3B7C2DF2276B37CD00F7DD28 /* LogInViewController.storyboard */; };
		3B7C2DF5276B37F200F7DD28 /* CreateAccountViewController.swift in Sources */ = {isa = PBXBuildFile; fileRef = 3B7C2DF4276B37F200F7DD28 /* CreateAccountViewController.swift */; };
		3B7C2DF7276B37FE00F7DD28 /* CreateAccountViewController.storyboard in Resources */ = {isa = PBXBuildFile; fileRef = 3B7C2DF6276B37FE00F7DD28 /* CreateAccountViewController.storyboard */; };
		3B824B1C27824F57008E26FF /* ProfileTabViewController.storyboard in Resources */ = {isa = PBXBuildFile; fileRef = 3B824B1B27824F57008E26FF /* ProfileTabViewController.storyboard */; };
		3B824B1E27824F65008E26FF /* ProfileTabViewController.swift in Sources */ = {isa = PBXBuildFile; fileRef = 3B824B1D27824F65008E26FF /* ProfileTabViewController.swift */; };
		3B824B20278253E8008E26FF /* ImgViewsCustomisations.swift in Sources */ = {isa = PBXBuildFile; fileRef = 3B824B1F278253E8008E26FF /* ImgViewsCustomisations.swift */; };
		3B9D00DA2778F12700874FB0 /* FloatingLabelInput.swift in Sources */ = {isa = PBXBuildFile; fileRef = 3B9D00D92778F12700874FB0 /* FloatingLabelInput.swift */; };
		3BBAA6D227774F0400C91DD0 /* MainDashboardTabBarController.swift in Sources */ = {isa = PBXBuildFile; fileRef = 3BBAA6D127774F0400C91DD0 /* MainDashboardTabBarController.swift */; };
		3BBAA6D427774F1200C91DD0 /* MainDashboardTabBarController.storyboard in Resources */ = {isa = PBXBuildFile; fileRef = 3BBAA6D327774F1200C91DD0 /* MainDashboardTabBarController.storyboard */; };
		3BBAA6D62777AF5900C91DD0 /* UIViewExtensions.swift in Sources */ = {isa = PBXBuildFile; fileRef = 3BBAA6D52777AF5900C91DD0 /* UIViewExtensions.swift */; };
		3BE39A432773B18200A230B2 /* CryptoModel.swift in Sources */ = {isa = PBXBuildFile; fileRef = 3BE39A422773B18200A230B2 /* CryptoModel.swift */; };
		3BE39A442773B91500A230B2 /* NationalCurrencyViewController.swift in Sources */ = {isa = PBXBuildFile; fileRef = 8877099A27721F0400D8C965 /* NationalCurrencyViewController.swift */; };
		3BE39A452773B95F00A230B2 /* ExchangeRates.swift in Sources */ = {isa = PBXBuildFile; fileRef = 8877099C27721F5B00D8C965 /* ExchangeRates.swift */; };
		3BF594EF27814680004D1988 /* Servers.swift in Sources */ = {isa = PBXBuildFile; fileRef = 3BF594EE27814680004D1988 /* Servers.swift */; };
		3BF99F6D2763767B009A287C /* AppDelegate.swift in Sources */ = {isa = PBXBuildFile; fileRef = 3BF99F6C2763767B009A287C /* AppDelegate.swift */; };
		3BF99F6F2763767B009A287C /* SceneDelegate.swift in Sources */ = {isa = PBXBuildFile; fileRef = 3BF99F6E2763767B009A287C /* SceneDelegate.swift */; };
		3BF99F772763767B009A287C /* Cryptal_Bank.xcdatamodeld in Sources */ = {isa = PBXBuildFile; fileRef = 3BF99F752763767B009A287C /* Cryptal_Bank.xcdatamodeld */; };
		3BF99F792763767D009A287C /* Assets.xcassets in Resources */ = {isa = PBXBuildFile; fileRef = 3BF99F782763767D009A287C /* Assets.xcassets */; };
		3BF99F7C2763767D009A287C /* LaunchScreen.storyboard in Resources */ = {isa = PBXBuildFile; fileRef = 3BF99F7A2763767D009A287C /* LaunchScreen.storyboard */; };
		3BF99F872763767D009A287C /* Cryptal_BankTests.swift in Sources */ = {isa = PBXBuildFile; fileRef = 3BF99F862763767D009A287C /* Cryptal_BankTests.swift */; };
		3BF99F912763767D009A287C /* Cryptal_BankUITests.swift in Sources */ = {isa = PBXBuildFile; fileRef = 3BF99F902763767D009A287C /* Cryptal_BankUITests.swift */; };
		3BF99F932763767D009A287C /* Cryptal_BankUITestsLaunchTests.swift in Sources */ = {isa = PBXBuildFile; fileRef = 3BF99F922763767D009A287C /* Cryptal_BankUITestsLaunchTests.swift */; };
		3BF99FA027637B20009A287C /* GoogleService-Info.plist in Resources */ = {isa = PBXBuildFile; fileRef = 3BF99F9F27637B20009A287C /* GoogleService-Info.plist */; };
		3BF99FA327637C21009A287C /* FirebaseAnalytics in Frameworks */ = {isa = PBXBuildFile; productRef = 3BF99FA227637C21009A287C /* FirebaseAnalytics */; };
		3BF99FA527637C21009A287C /* FirebaseAnalyticsSwift-Beta in Frameworks */ = {isa = PBXBuildFile; productRef = 3BF99FA427637C21009A287C /* FirebaseAnalyticsSwift-Beta */; };
		3BF99FA727637C21009A287C /* FirebaseAnalyticsWithoutAdIdSupport in Frameworks */ = {isa = PBXBuildFile; productRef = 3BF99FA627637C21009A287C /* FirebaseAnalyticsWithoutAdIdSupport */; };
		3BF99FA927637C21009A287C /* FirebaseAppCheck in Frameworks */ = {isa = PBXBuildFile; productRef = 3BF99FA827637C21009A287C /* FirebaseAppCheck */; };
		3BF99FAB27637C21009A287C /* FirebaseAppDistribution-Beta in Frameworks */ = {isa = PBXBuildFile; productRef = 3BF99FAA27637C21009A287C /* FirebaseAppDistribution-Beta */; };
		3BF99FAD27637C21009A287C /* FirebaseAuth in Frameworks */ = {isa = PBXBuildFile; productRef = 3BF99FAC27637C21009A287C /* FirebaseAuth */; };
		3BF99FAF27637C21009A287C /* FirebaseAuthCombine-Community in Frameworks */ = {isa = PBXBuildFile; productRef = 3BF99FAE27637C21009A287C /* FirebaseAuthCombine-Community */; };
		3BF99FB127637C21009A287C /* FirebaseCrashlytics in Frameworks */ = {isa = PBXBuildFile; productRef = 3BF99FB027637C21009A287C /* FirebaseCrashlytics */; };
		3BF99FB327637C21009A287C /* FirebaseDatabase in Frameworks */ = {isa = PBXBuildFile; productRef = 3BF99FB227637C21009A287C /* FirebaseDatabase */; };
		3BF99FB527637C21009A287C /* FirebaseDatabaseSwift-Beta in Frameworks */ = {isa = PBXBuildFile; productRef = 3BF99FB427637C21009A287C /* FirebaseDatabaseSwift-Beta */; };
		3BF99FB727637C21009A287C /* FirebaseDynamicLinks in Frameworks */ = {isa = PBXBuildFile; productRef = 3BF99FB627637C21009A287C /* FirebaseDynamicLinks */; };
		3BF99FB927637C21009A287C /* FirebaseFirestore in Frameworks */ = {isa = PBXBuildFile; productRef = 3BF99FB827637C21009A287C /* FirebaseFirestore */; };
		3BF99FBB27637C21009A287C /* FirebaseFirestoreCombine-Community in Frameworks */ = {isa = PBXBuildFile; productRef = 3BF99FBA27637C21009A287C /* FirebaseFirestoreCombine-Community */; };
		3BF99FBD27637C21009A287C /* FirebaseFirestoreSwift-Beta in Frameworks */ = {isa = PBXBuildFile; productRef = 3BF99FBC27637C21009A287C /* FirebaseFirestoreSwift-Beta */; };
		3BF99FBF27637C21009A287C /* FirebaseFunctions in Frameworks */ = {isa = PBXBuildFile; productRef = 3BF99FBE27637C21009A287C /* FirebaseFunctions */; };
		3BF99FC127637C21009A287C /* FirebaseFunctionsCombine-Community in Frameworks */ = {isa = PBXBuildFile; productRef = 3BF99FC027637C21009A287C /* FirebaseFunctionsCombine-Community */; };
		3BF99FC327637C21009A287C /* FirebaseInAppMessaging-Beta in Frameworks */ = {isa = PBXBuildFile; productRef = 3BF99FC227637C21009A287C /* FirebaseInAppMessaging-Beta */; };
		3BF99FC527637C21009A287C /* FirebaseInAppMessagingSwift-Beta in Frameworks */ = {isa = PBXBuildFile; productRef = 3BF99FC427637C21009A287C /* FirebaseInAppMessagingSwift-Beta */; };
		3BF99FC727637C21009A287C /* FirebaseInstallations in Frameworks */ = {isa = PBXBuildFile; productRef = 3BF99FC627637C21009A287C /* FirebaseInstallations */; };
		3BF99FC927637C21009A287C /* FirebaseMLModelDownloader in Frameworks */ = {isa = PBXBuildFile; productRef = 3BF99FC827637C21009A287C /* FirebaseMLModelDownloader */; };
		3BF99FCB27637C21009A287C /* FirebaseMessaging in Frameworks */ = {isa = PBXBuildFile; productRef = 3BF99FCA27637C21009A287C /* FirebaseMessaging */; };
		3BF99FCD27637C21009A287C /* FirebasePerformance in Frameworks */ = {isa = PBXBuildFile; productRef = 3BF99FCC27637C21009A287C /* FirebasePerformance */; };
		3BF99FCF27637C21009A287C /* FirebaseRemoteConfig in Frameworks */ = {isa = PBXBuildFile; productRef = 3BF99FCE27637C21009A287C /* FirebaseRemoteConfig */; };
		3BF99FD127637C21009A287C /* FirebaseStorage in Frameworks */ = {isa = PBXBuildFile; productRef = 3BF99FD027637C21009A287C /* FirebaseStorage */; };
		3BF99FD327637C21009A287C /* FirebaseStorageCombine-Community in Frameworks */ = {isa = PBXBuildFile; productRef = 3BF99FD227637C21009A287C /* FirebaseStorageCombine-Community */; };
		3BF99FD527637C21009A287C /* FirebaseStorageSwift-Beta in Frameworks */ = {isa = PBXBuildFile; productRef = 3BF99FD427637C21009A287C /* FirebaseStorageSwift-Beta */; };
		3BFED47027811163007109AF /* CreateAccountDataService.swift in Sources */ = {isa = PBXBuildFile; fileRef = 3BFED46F27811163007109AF /* CreateAccountDataService.swift */; };
		3BFED472278111C2007109AF /* CreateAccountViewModel.swift in Sources */ = {isa = PBXBuildFile; fileRef = 3BFED471278111C2007109AF /* CreateAccountViewModel.swift */; };
		3BFED475278112A7007109AF /* DialogAlertsForActions.swift in Sources */ = {isa = PBXBuildFile; fileRef = 3BFED474278112A7007109AF /* DialogAlertsForActions.swift */; };
		3BFED47727811475007109AF /* LogInViewDataService.swift in Sources */ = {isa = PBXBuildFile; fileRef = 3BFED47627811475007109AF /* LogInViewDataService.swift */; };
		885498E1277B45C5003EFED0 /* IDCardViewController.swift in Sources */ = {isa = PBXBuildFile; fileRef = 885498E0277B45C5003EFED0 /* IDCardViewController.swift */; };
		885498E3277B45E7003EFED0 /* IDCardViewController.storyboard in Resources */ = {isa = PBXBuildFile; fileRef = 885498E2277B45E7003EFED0 /* IDCardViewController.storyboard */; };
		885A21C42778B4CA00C7E5CA /* BarViewController.swift in Sources */ = {isa = PBXBuildFile; fileRef = 885A21C32778B4CA00C7E5CA /* BarViewController.swift */; };
		885A21C62778B50200C7E5CA /* GraphsAndChartsViewController.storyboard in Resources */ = {isa = PBXBuildFile; fileRef = 885A21C52778B50200C7E5CA /* GraphsAndChartsViewController.storyboard */; };
		885A21C82778B6D500C7E5CA /* LineViewController.swift in Sources */ = {isa = PBXBuildFile; fileRef = 885A21C72778B6D500C7E5CA /* LineViewController.swift */; };
		885A21CA2778B6EE00C7E5CA /* PieViewController.swift in Sources */ = {isa = PBXBuildFile; fileRef = 885A21C92778B6EE00C7E5CA /* PieViewController.swift */; };
		885A21D12778BB7F00C7E5CA /* Charts in Frameworks */ = {isa = PBXBuildFile; productRef = 885A21D02778BB7F00C7E5CA /* Charts */; };
		885A22012778D8FF00C7E5CA /* NotificationController.swift in Sources */ = {isa = PBXBuildFile; fileRef = 885A22002778D8FF00C7E5CA /* NotificationController.swift */; };
		885A22032778D91800C7E5CA /* NotificationController.storyboard in Resources */ = {isa = PBXBuildFile; fileRef = 885A22022778D91800C7E5CA /* NotificationController.storyboard */; };
		885EE78C27762EEB0045C510 /* FSCalendar in Frameworks */ = {isa = PBXBuildFile; productRef = 885EE78B27762EEB0045C510 /* FSCalendar */; };
		885EE78F27762FAF0045C510 /* CalendarViewController.swift in Sources */ = {isa = PBXBuildFile; fileRef = 885EE78E27762FAF0045C510 /* CalendarViewController.swift */; };
		885EE79127762FEA0045C510 /* CalendarViewController.storyboard in Resources */ = {isa = PBXBuildFile; fileRef = 885EE79027762FE90045C510 /* CalendarViewController.storyboard */; };
		886E1FA22781E6A80075B5D1 /* WidgetKit.framework in Frameworks */ = {isa = PBXBuildFile; fileRef = 886E1FA12781E6A80075B5D1 /* WidgetKit.framework */; };
		886E1FA42781E6A80075B5D1 /* SwiftUI.framework in Frameworks */ = {isa = PBXBuildFile; fileRef = 886E1FA32781E6A80075B5D1 /* SwiftUI.framework */; };
		886E1FA72781E6A80075B5D1 /* Cryptal_Bank_Widget.swift in Sources */ = {isa = PBXBuildFile; fileRef = 886E1FA62781E6A80075B5D1 /* Cryptal_Bank_Widget.swift */; };
		886E1FA92781E6AA0075B5D1 /* Assets.xcassets in Resources */ = {isa = PBXBuildFile; fileRef = 886E1FA82781E6AA0075B5D1 /* Assets.xcassets */; };
		886E1FAD2781E6AA0075B5D1 /* Cryptal-Bank-WidgetExtension.appex in Embed App Extensions */ = {isa = PBXBuildFile; fileRef = 886E1F9F2781E6A80075B5D1 /* Cryptal-Bank-WidgetExtension.appex */; settings = {ATTRIBUTES = (RemoveHeadersOnCopy, ); }; };
		8874F76A277DE915006B6F23 /* BiometricsViewController.swift in Sources */ = {isa = PBXBuildFile; fileRef = 8874F769277DE915006B6F23 /* BiometricsViewController.swift */; };
		8874F76C277DE934006B6F23 /* BiometricsViewController.storyboard in Resources */ = {isa = PBXBuildFile; fileRef = 8874F76B277DE934006B6F23 /* BiometricsViewController.storyboard */; };
		887546E72774EA12002ACC8F /* LocationViewController.swift in Sources */ = {isa = PBXBuildFile; fileRef = 887546E62774EA12002ACC8F /* LocationViewController.swift */; };
		887546E92774EA37002ACC8F /* LocationViewController.storyboard in Resources */ = {isa = PBXBuildFile; fileRef = 887546E82774EA37002ACC8F /* LocationViewController.storyboard */; };
		8877099F27721F7100D8C965 /* NationalCurrencyViewController.storyboard in Resources */ = {isa = PBXBuildFile; fileRef = 8877099E27721F7100D8C965 /* NationalCurrencyViewController.storyboard */; };
		88800CAF276BA8350032C290 /* CryptoViewController.swift in Sources */ = {isa = PBXBuildFile; fileRef = 88800CAE276BA8350032C290 /* CryptoViewController.swift */; };
		88800CB2276BA8DD0032C290 /* CryptoViewController.storyboard in Resources */ = {isa = PBXBuildFile; fileRef = 88800CB1276BA8DD0032C290 /* CryptoViewController.storyboard */; };
		88800CB4276BAA5B0032C290 /* CryptoTableViewCell.swift in Sources */ = {isa = PBXBuildFile; fileRef = 88800CB3276BAA5B0032C290 /* CryptoTableViewCell.swift */; };
/* End PBXBuildFile section */

/* Begin PBXContainerItemProxy section */
		3BF99F832763767D009A287C /* PBXContainerItemProxy */ = {
			isa = PBXContainerItemProxy;
			containerPortal = 3BF99F612763767B009A287C /* Project object */;
			proxyType = 1;
			remoteGlobalIDString = 3BF99F682763767B009A287C;
			remoteInfo = "Cryptal-Bank";
		};
		3BF99F8D2763767D009A287C /* PBXContainerItemProxy */ = {
			isa = PBXContainerItemProxy;
			containerPortal = 3BF99F612763767B009A287C /* Project object */;
			proxyType = 1;
			remoteGlobalIDString = 3BF99F682763767B009A287C;
			remoteInfo = "Cryptal-Bank";
		};
		886E1FAB2781E6AA0075B5D1 /* PBXContainerItemProxy */ = {
			isa = PBXContainerItemProxy;
			containerPortal = 3BF99F612763767B009A287C /* Project object */;
			proxyType = 1;
			remoteGlobalIDString = 886E1F9E2781E6A80075B5D1;
			remoteInfo = "Cryptal-Bank-WidgetExtension";
		};
/* End PBXContainerItemProxy section */

/* Begin PBXCopyFilesBuildPhase section */
		886E1FAE2781E6AA0075B5D1 /* Embed App Extensions */ = {
			isa = PBXCopyFilesBuildPhase;
			buildActionMask = 2147483647;
			dstPath = "";
			dstSubfolderSpec = 13;
			files = (
				886E1FAD2781E6AA0075B5D1 /* Cryptal-Bank-WidgetExtension.appex in Embed App Extensions */,
			);
			name = "Embed App Extensions";
			runOnlyForDeploymentPostprocessing = 0;
		};
/* End PBXCopyFilesBuildPhase section */

/* Begin PBXFileReference section */
		3B6C478D2770EEDB008AD740 /* CustomPageControl.swift */ = {isa = PBXFileReference; lastKnownFileType = sourcecode.swift; path = CustomPageControl.swift; sourceTree = "<group>"; };
		3B6C478F2770EF19008AD740 /* UICollectionViewCell+Extension.swift */ = {isa = PBXFileReference; lastKnownFileType = sourcecode.swift; path = "UICollectionViewCell+Extension.swift"; sourceTree = "<group>"; };
		3B6C47912770EF51008AD740 /* UICollectionView+Extension.swift */ = {isa = PBXFileReference; lastKnownFileType = sourcecode.swift; path = "UICollectionView+Extension.swift"; sourceTree = "<group>"; };
		3B6C47932770EF76008AD740 /* Validator+Extensions.swift */ = {isa = PBXFileReference; lastKnownFileType = sourcecode.swift; path = "Validator+Extensions.swift"; sourceTree = "<group>"; };
		3B6C47952770EFD2008AD740 /* UITableView+Extension.swift */ = {isa = PBXFileReference; lastKnownFileType = sourcecode.swift; path = "UITableView+Extension.swift"; sourceTree = "<group>"; };
		3B6C47972770EFEC008AD740 /* UITableViewCell+Extension.swift */ = {isa = PBXFileReference; lastKnownFileType = sourcecode.swift; path = "UITableViewCell+Extension.swift"; sourceTree = "<group>"; };
		3B6C47992770F05C008AD740 /* AppIntroDataService.swift */ = {isa = PBXFileReference; lastKnownFileType = sourcecode.swift; path = AppIntroDataService.swift; sourceTree = "<group>"; };
		3B6C479B2770F14A008AD740 /* AppIntroViewModel.swift */ = {isa = PBXFileReference; lastKnownFileType = sourcecode.swift; path = AppIntroViewModel.swift; sourceTree = "<group>"; };
		3B6C479E277101E5008AD740 /* AppIntroPageModel.swift */ = {isa = PBXFileReference; lastKnownFileType = sourcecode.swift; path = AppIntroPageModel.swift; sourceTree = "<group>"; };
		3B6C47A0277104C5008AD740 /* AppIntroPageCell.swift */ = {isa = PBXFileReference; lastKnownFileType = sourcecode.swift; path = AppIntroPageCell.swift; sourceTree = "<group>"; };
		3B6C47A1277104C5008AD740 /* AppIntroPageCell.xib */ = {isa = PBXFileReference; lastKnownFileType = file.xib; path = AppIntroPageCell.xib; sourceTree = "<group>"; };
		3B6C47A527729D8A008AD740 /* NetworkManager.swift */ = {isa = PBXFileReference; lastKnownFileType = sourcecode.swift; path = NetworkManager.swift; sourceTree = "<group>"; };
		3B6C47A727729DCC008AD740 /* URLExtensions.swift */ = {isa = PBXFileReference; lastKnownFileType = sourcecode.swift; path = URLExtensions.swift; sourceTree = "<group>"; };
		3B6C47AA27729EC8008AD740 /* ExchangeRatesConstants.swift */ = {isa = PBXFileReference; lastKnownFileType = sourcecode.swift; path = ExchangeRatesConstants.swift; sourceTree = "<group>"; };
		3B6C47AC2772A203008AD740 /* ExchangeDataManager.swift */ = {isa = PBXFileReference; lastKnownFileType = sourcecode.swift; path = ExchangeDataManager.swift; sourceTree = "<group>"; };
		3B6C47AE2772A761008AD740 /* UDManager.swift */ = {isa = PBXFileReference; lastKnownFileType = sourcecode.swift; path = UDManager.swift; sourceTree = "<group>"; };
		3B6C47B02772A783008AD740 /* User.swift */ = {isa = PBXFileReference; lastKnownFileType = sourcecode.swift; path = User.swift; sourceTree = "<group>"; };
		3B7C2DEA276B361600F7DD28 /* AppIntroViewController.swift */ = {isa = PBXFileReference; lastKnownFileType = sourcecode.swift; path = AppIntroViewController.swift; sourceTree = "<group>"; };
		3B7C2DEC276B362400F7DD28 /* AppIntroViewController.storyboard */ = {isa = PBXFileReference; lastKnownFileType = file.storyboard; path = AppIntroViewController.storyboard; sourceTree = "<group>"; };
		3B7C2DF0276B37C200F7DD28 /* LogInViewController.swift */ = {isa = PBXFileReference; lastKnownFileType = sourcecode.swift; path = LogInViewController.swift; sourceTree = "<group>"; };
		3B7C2DF2276B37CD00F7DD28 /* LogInViewController.storyboard */ = {isa = PBXFileReference; lastKnownFileType = file.storyboard; path = LogInViewController.storyboard; sourceTree = "<group>"; };
		3B7C2DF4276B37F200F7DD28 /* CreateAccountViewController.swift */ = {isa = PBXFileReference; lastKnownFileType = sourcecode.swift; path = CreateAccountViewController.swift; sourceTree = "<group>"; };
		3B7C2DF6276B37FE00F7DD28 /* CreateAccountViewController.storyboard */ = {isa = PBXFileReference; lastKnownFileType = file.storyboard; path = CreateAccountViewController.storyboard; sourceTree = "<group>"; };
		3B824B1B27824F57008E26FF /* ProfileTabViewController.storyboard */ = {isa = PBXFileReference; fileEncoding = 4; lastKnownFileType = file.storyboard; path = ProfileTabViewController.storyboard; sourceTree = "<group>"; };
		3B824B1D27824F65008E26FF /* ProfileTabViewController.swift */ = {isa = PBXFileReference; fileEncoding = 4; lastKnownFileType = sourcecode.swift; path = ProfileTabViewController.swift; sourceTree = "<group>"; };
		3B824B1F278253E8008E26FF /* ImgViewsCustomisations.swift */ = {isa = PBXFileReference; lastKnownFileType = sourcecode.swift; path = ImgViewsCustomisations.swift; sourceTree = "<group>"; };
		3B9D00D92778F12700874FB0 /* FloatingLabelInput.swift */ = {isa = PBXFileReference; lastKnownFileType = sourcecode.swift; path = FloatingLabelInput.swift; sourceTree = "<group>"; };
		3BBAA6D127774F0400C91DD0 /* MainDashboardTabBarController.swift */ = {isa = PBXFileReference; lastKnownFileType = sourcecode.swift; path = MainDashboardTabBarController.swift; sourceTree = "<group>"; };
		3BBAA6D327774F1200C91DD0 /* MainDashboardTabBarController.storyboard */ = {isa = PBXFileReference; lastKnownFileType = file.storyboard; path = MainDashboardTabBarController.storyboard; sourceTree = "<group>"; };
		3BBAA6D52777AF5900C91DD0 /* UIViewExtensions.swift */ = {isa = PBXFileReference; lastKnownFileType = sourcecode.swift; path = UIViewExtensions.swift; sourceTree = "<group>"; };
		3BE39A422773B18200A230B2 /* CryptoModel.swift */ = {isa = PBXFileReference; lastKnownFileType = sourcecode.swift; path = CryptoModel.swift; sourceTree = "<group>"; };
		3BF594EE27814680004D1988 /* Servers.swift */ = {isa = PBXFileReference; lastKnownFileType = sourcecode.swift; path = Servers.swift; sourceTree = "<group>"; };
		3BF99F692763767B009A287C /* Cryptal Bank.app */ = {isa = PBXFileReference; explicitFileType = wrapper.application; includeInIndex = 0; path = "Cryptal Bank.app"; sourceTree = BUILT_PRODUCTS_DIR; };
		3BF99F6C2763767B009A287C /* AppDelegate.swift */ = {isa = PBXFileReference; lastKnownFileType = sourcecode.swift; path = AppDelegate.swift; sourceTree = "<group>"; };
		3BF99F6E2763767B009A287C /* SceneDelegate.swift */ = {isa = PBXFileReference; lastKnownFileType = sourcecode.swift; path = SceneDelegate.swift; sourceTree = "<group>"; };
		3BF99F762763767B009A287C /* Cryptal_Bank.xcdatamodel */ = {isa = PBXFileReference; lastKnownFileType = wrapper.xcdatamodel; path = Cryptal_Bank.xcdatamodel; sourceTree = "<group>"; };
		3BF99F782763767D009A287C /* Assets.xcassets */ = {isa = PBXFileReference; lastKnownFileType = folder.assetcatalog; path = Assets.xcassets; sourceTree = "<group>"; };
		3BF99F7B2763767D009A287C /* Base */ = {isa = PBXFileReference; lastKnownFileType = file.storyboard; name = Base; path = Base.lproj/LaunchScreen.storyboard; sourceTree = "<group>"; };
		3BF99F7D2763767D009A287C /* Info.plist */ = {isa = PBXFileReference; lastKnownFileType = text.plist.xml; path = Info.plist; sourceTree = "<group>"; };
		3BF99F822763767D009A287C /* Cryptal-BankTests.xctest */ = {isa = PBXFileReference; explicitFileType = wrapper.cfbundle; includeInIndex = 0; path = "Cryptal-BankTests.xctest"; sourceTree = BUILT_PRODUCTS_DIR; };
		3BF99F862763767D009A287C /* Cryptal_BankTests.swift */ = {isa = PBXFileReference; lastKnownFileType = sourcecode.swift; path = Cryptal_BankTests.swift; sourceTree = "<group>"; };
		3BF99F8C2763767D009A287C /* Cryptal-BankUITests.xctest */ = {isa = PBXFileReference; explicitFileType = wrapper.cfbundle; includeInIndex = 0; path = "Cryptal-BankUITests.xctest"; sourceTree = BUILT_PRODUCTS_DIR; };
		3BF99F902763767D009A287C /* Cryptal_BankUITests.swift */ = {isa = PBXFileReference; lastKnownFileType = sourcecode.swift; path = Cryptal_BankUITests.swift; sourceTree = "<group>"; };
		3BF99F922763767D009A287C /* Cryptal_BankUITestsLaunchTests.swift */ = {isa = PBXFileReference; lastKnownFileType = sourcecode.swift; path = Cryptal_BankUITestsLaunchTests.swift; sourceTree = "<group>"; };
		3BF99F9F27637B20009A287C /* GoogleService-Info.plist */ = {isa = PBXFileReference; fileEncoding = 4; lastKnownFileType = text.plist.xml; path = "GoogleService-Info.plist"; sourceTree = "<group>"; };
		3BFED46F27811163007109AF /* CreateAccountDataService.swift */ = {isa = PBXFileReference; lastKnownFileType = sourcecode.swift; path = CreateAccountDataService.swift; sourceTree = "<group>"; };
		3BFED471278111C2007109AF /* CreateAccountViewModel.swift */ = {isa = PBXFileReference; lastKnownFileType = sourcecode.swift; path = CreateAccountViewModel.swift; sourceTree = "<group>"; };
		3BFED474278112A7007109AF /* DialogAlertsForActions.swift */ = {isa = PBXFileReference; lastKnownFileType = sourcecode.swift; path = DialogAlertsForActions.swift; sourceTree = "<group>"; };
		3BFED47627811475007109AF /* LogInViewDataService.swift */ = {isa = PBXFileReference; lastKnownFileType = sourcecode.swift; path = LogInViewDataService.swift; sourceTree = "<group>"; };
		885498E0277B45C5003EFED0 /* IDCardViewController.swift */ = {isa = PBXFileReference; lastKnownFileType = sourcecode.swift; path = IDCardViewController.swift; sourceTree = "<group>"; };
		885498E2277B45E7003EFED0 /* IDCardViewController.storyboard */ = {isa = PBXFileReference; lastKnownFileType = file.storyboard; path = IDCardViewController.storyboard; sourceTree = "<group>"; };
		885A21C32778B4CA00C7E5CA /* BarViewController.swift */ = {isa = PBXFileReference; lastKnownFileType = sourcecode.swift; path = BarViewController.swift; sourceTree = "<group>"; };
		885A21C52778B50200C7E5CA /* GraphsAndChartsViewController.storyboard */ = {isa = PBXFileReference; lastKnownFileType = file.storyboard; path = GraphsAndChartsViewController.storyboard; sourceTree = "<group>"; };
		885A21C72778B6D500C7E5CA /* LineViewController.swift */ = {isa = PBXFileReference; lastKnownFileType = sourcecode.swift; path = LineViewController.swift; sourceTree = "<group>"; };
		885A21C92778B6EE00C7E5CA /* PieViewController.swift */ = {isa = PBXFileReference; lastKnownFileType = sourcecode.swift; path = PieViewController.swift; sourceTree = "<group>"; };
		885A22002778D8FF00C7E5CA /* NotificationController.swift */ = {isa = PBXFileReference; lastKnownFileType = sourcecode.swift; path = NotificationController.swift; sourceTree = "<group>"; };
		885A22022778D91800C7E5CA /* NotificationController.storyboard */ = {isa = PBXFileReference; lastKnownFileType = file.storyboard; path = NotificationController.storyboard; sourceTree = "<group>"; };
		885EE78E27762FAF0045C510 /* CalendarViewController.swift */ = {isa = PBXFileReference; lastKnownFileType = sourcecode.swift; path = CalendarViewController.swift; sourceTree = "<group>"; };
		885EE79027762FE90045C510 /* CalendarViewController.storyboard */ = {isa = PBXFileReference; lastKnownFileType = file.storyboard; path = CalendarViewController.storyboard; sourceTree = "<group>"; };
		886E1F9F2781E6A80075B5D1 /* Cryptal-Bank-WidgetExtension.appex */ = {isa = PBXFileReference; explicitFileType = "wrapper.app-extension"; includeInIndex = 0; path = "Cryptal-Bank-WidgetExtension.appex"; sourceTree = BUILT_PRODUCTS_DIR; };
		886E1FA12781E6A80075B5D1 /* WidgetKit.framework */ = {isa = PBXFileReference; lastKnownFileType = wrapper.framework; name = WidgetKit.framework; path = System/Library/Frameworks/WidgetKit.framework; sourceTree = SDKROOT; };
		886E1FA32781E6A80075B5D1 /* SwiftUI.framework */ = {isa = PBXFileReference; lastKnownFileType = wrapper.framework; name = SwiftUI.framework; path = System/Library/Frameworks/SwiftUI.framework; sourceTree = SDKROOT; };
		886E1FA62781E6A80075B5D1 /* Cryptal_Bank_Widget.swift */ = {isa = PBXFileReference; lastKnownFileType = sourcecode.swift; path = Cryptal_Bank_Widget.swift; sourceTree = "<group>"; };
		886E1FA82781E6AA0075B5D1 /* Assets.xcassets */ = {isa = PBXFileReference; lastKnownFileType = folder.assetcatalog; path = Assets.xcassets; sourceTree = "<group>"; };
		886E1FAA2781E6AA0075B5D1 /* Info.plist */ = {isa = PBXFileReference; lastKnownFileType = text.plist.xml; path = Info.plist; sourceTree = "<group>"; };
		8874F769277DE915006B6F23 /* BiometricsViewController.swift */ = {isa = PBXFileReference; lastKnownFileType = sourcecode.swift; path = BiometricsViewController.swift; sourceTree = "<group>"; };
		8874F76B277DE934006B6F23 /* BiometricsViewController.storyboard */ = {isa = PBXFileReference; lastKnownFileType = file.storyboard; path = BiometricsViewController.storyboard; sourceTree = "<group>"; };
		887546E62774EA12002ACC8F /* LocationViewController.swift */ = {isa = PBXFileReference; lastKnownFileType = sourcecode.swift; path = LocationViewController.swift; sourceTree = "<group>"; };
		887546E82774EA37002ACC8F /* LocationViewController.storyboard */ = {isa = PBXFileReference; lastKnownFileType = file.storyboard; path = LocationViewController.storyboard; sourceTree = "<group>"; };
		8877099A27721F0400D8C965 /* NationalCurrencyViewController.swift */ = {isa = PBXFileReference; lastKnownFileType = sourcecode.swift; path = NationalCurrencyViewController.swift; sourceTree = "<group>"; };
		8877099C27721F5B00D8C965 /* ExchangeRates.swift */ = {isa = PBXFileReference; fileEncoding = 4; lastKnownFileType = sourcecode.swift; path = ExchangeRates.swift; sourceTree = "<group>"; };
		8877099E27721F7100D8C965 /* NationalCurrencyViewController.storyboard */ = {isa = PBXFileReference; fileEncoding = 4; lastKnownFileType = file.storyboard; path = NationalCurrencyViewController.storyboard; sourceTree = "<group>"; };
		88800CAE276BA8350032C290 /* CryptoViewController.swift */ = {isa = PBXFileReference; lastKnownFileType = sourcecode.swift; path = CryptoViewController.swift; sourceTree = "<group>"; };
		88800CB1276BA8DD0032C290 /* CryptoViewController.storyboard */ = {isa = PBXFileReference; lastKnownFileType = file.storyboard; path = CryptoViewController.storyboard; sourceTree = "<group>"; };
		88800CB3276BAA5B0032C290 /* CryptoTableViewCell.swift */ = {isa = PBXFileReference; lastKnownFileType = sourcecode.swift; path = CryptoTableViewCell.swift; sourceTree = "<group>"; };
/* End PBXFileReference section */

/* Begin PBXFrameworksBuildPhase section */
		3BF99F662763767B009A287C /* Frameworks */ = {
			isa = PBXFrameworksBuildPhase;
			buildActionMask = 2147483647;
			files = (
				3BF99FCD27637C21009A287C /* FirebasePerformance in Frameworks */,
				3BF99FBB27637C21009A287C /* FirebaseFirestoreCombine-Community in Frameworks */,
				3BF99FB527637C21009A287C /* FirebaseDatabaseSwift-Beta in Frameworks */,
				3BF99FB727637C21009A287C /* FirebaseDynamicLinks in Frameworks */,
				3BF99FA927637C21009A287C /* FirebaseAppCheck in Frameworks */,
				3BF99FD127637C21009A287C /* FirebaseStorage in Frameworks */,
				3BF99FAD27637C21009A287C /* FirebaseAuth in Frameworks */,
				3BF99FD527637C21009A287C /* FirebaseStorageSwift-Beta in Frameworks */,
				3BF99FC327637C21009A287C /* FirebaseInAppMessaging-Beta in Frameworks */,
				3BF99FA527637C21009A287C /* FirebaseAnalyticsSwift-Beta in Frameworks */,
				3BF99FC927637C21009A287C /* FirebaseMLModelDownloader in Frameworks */,
				3BF99FB927637C21009A287C /* FirebaseFirestore in Frameworks */,
				3BF99FCB27637C21009A287C /* FirebaseMessaging in Frameworks */,
				885EE78C27762EEB0045C510 /* FSCalendar in Frameworks */,
				3BF99FC727637C21009A287C /* FirebaseInstallations in Frameworks */,
				3BF99FC127637C21009A287C /* FirebaseFunctionsCombine-Community in Frameworks */,
				3BF99FAB27637C21009A287C /* FirebaseAppDistribution-Beta in Frameworks */,
				3BF99FA727637C21009A287C /* FirebaseAnalyticsWithoutAdIdSupport in Frameworks */,
				3BF99FBD27637C21009A287C /* FirebaseFirestoreSwift-Beta in Frameworks */,
				3BF99FB127637C21009A287C /* FirebaseCrashlytics in Frameworks */,
				3BF99FB327637C21009A287C /* FirebaseDatabase in Frameworks */,
				3BF99FCF27637C21009A287C /* FirebaseRemoteConfig in Frameworks */,
				3BF99FBF27637C21009A287C /* FirebaseFunctions in Frameworks */,
				885A21D12778BB7F00C7E5CA /* Charts in Frameworks */,
				3BF99FAF27637C21009A287C /* FirebaseAuthCombine-Community in Frameworks */,
				3BF99FD327637C21009A287C /* FirebaseStorageCombine-Community in Frameworks */,
				3BF99FC527637C21009A287C /* FirebaseInAppMessagingSwift-Beta in Frameworks */,
				3BF99FA327637C21009A287C /* FirebaseAnalytics in Frameworks */,
			);
			runOnlyForDeploymentPostprocessing = 0;
		};
		3BF99F7F2763767D009A287C /* Frameworks */ = {
			isa = PBXFrameworksBuildPhase;
			buildActionMask = 2147483647;
			files = (
			);
			runOnlyForDeploymentPostprocessing = 0;
		};
		3BF99F892763767D009A287C /* Frameworks */ = {
			isa = PBXFrameworksBuildPhase;
			buildActionMask = 2147483647;
			files = (
			);
			runOnlyForDeploymentPostprocessing = 0;
		};
		886E1F9C2781E6A80075B5D1 /* Frameworks */ = {
			isa = PBXFrameworksBuildPhase;
			buildActionMask = 2147483647;
			files = (
				886E1FA42781E6A80075B5D1 /* SwiftUI.framework in Frameworks */,
				886E1FA22781E6A80075B5D1 /* WidgetKit.framework in Frameworks */,
			);
			runOnlyForDeploymentPostprocessing = 0;
		};
/* End PBXFrameworksBuildPhase section */

/* Begin PBXGroup section */
		3B6C478B2770EE1E008AD740 /* ViewModel */ = {
			isa = PBXGroup;
			children = (
				3B6C47992770F05C008AD740 /* AppIntroDataService.swift */,
				3B6C479B2770F14A008AD740 /* AppIntroViewModel.swift */,
			);
			path = ViewModel;
			sourceTree = "<group>";
		};
		3B6C478C2770EE35008AD740 /* View */ = {
			isa = PBXGroup;
			children = (
				3B6C47A4277104CD008AD740 /* AppIntroPageCell */,
				3B7C2DEA276B361600F7DD28 /* AppIntroViewController.swift */,
				3B7C2DEC276B362400F7DD28 /* AppIntroViewController.storyboard */,
			);
			path = View;
			sourceTree = "<group>";
		};
		3B6C479D277101D5008AD740 /* Model */ = {
			isa = PBXGroup;
			children = (
				3BE39A422773B18200A230B2 /* CryptoModel.swift */,
				3B6C479E277101E5008AD740 /* AppIntroPageModel.swift */,
				3B6C47B02772A783008AD740 /* User.swift */,
			);
			path = Model;
			sourceTree = "<group>";
		};
		3B6C47A4277104CD008AD740 /* AppIntroPageCell */ = {
			isa = PBXGroup;
			children = (
				3B6C47A0277104C5008AD740 /* AppIntroPageCell.swift */,
				3B6C47A1277104C5008AD740 /* AppIntroPageCell.xib */,
			);
			path = AppIntroPageCell;
			sourceTree = "<group>";
		};
		3B6C47A927729E2F008AD740 /* NetworkManager */ = {
			isa = PBXGroup;
			children = (
				3B6C47A527729D8A008AD740 /* NetworkManager.swift */,
				3B6C47AC2772A203008AD740 /* ExchangeDataManager.swift */,
			);
			path = NetworkManager;
			sourceTree = "<group>";
		};
		3B7C2DDD276B320100F7DD28 /* Supporting Files */ = {
			isa = PBXGroup;
			children = (
				3BF99F7A2763767D009A287C /* LaunchScreen.storyboard */,
				3BF99F9F27637B20009A287C /* GoogleService-Info.plist */,
				3BF99F7D2763767D009A287C /* Info.plist */,
			);
			path = "Supporting Files";
			sourceTree = "<group>";
		};
		3B7C2DDE276B320D00F7DD28 /* Resources */ = {
			isa = PBXGroup;
			children = (
				3BF99F782763767D009A287C /* Assets.xcassets */,
			);
			path = Resources;
			sourceTree = "<group>";
		};
		3B7C2DDF276B321A00F7DD28 /* Presentation */ = {
			isa = PBXGroup;
			children = (
				3B7C2DE7276B32AD00F7DD28 /* Scenes */,
			);
			path = Presentation;
			sourceTree = "<group>";
		};
		3B7C2DE0276B322500F7DD28 /* Infrastructure */ = {
			isa = PBXGroup;
			children = (
				3B7C2DE6276B329E00F7DD28 /* Custom UI Components */,
				3B7C2DE5276B329300F7DD28 /* Contants */,
				3B7C2DE4276B328800F7DD28 /* Domain */,
				3B7C2DE3276B327C00F7DD28 /* Managers */,
				3B7C2DE2276B327100F7DD28 /* Extensions */,
			);
			path = Infrastructure;
			sourceTree = "<group>";
		};
		3B7C2DE1276B323C00F7DD28 /* App */ = {
			isa = PBXGroup;
			children = (
				3BF99F6C2763767B009A287C /* AppDelegate.swift */,
				3BF99F6E2763767B009A287C /* SceneDelegate.swift */,
			);
			path = App;
			sourceTree = "<group>";
		};
		3B7C2DE2276B327100F7DD28 /* Extensions */ = {
			isa = PBXGroup;
			children = (
				3B6C47A727729DCC008AD740 /* URLExtensions.swift */,
				3B6C47932770EF76008AD740 /* Validator+Extensions.swift */,
				3B6C478F2770EF19008AD740 /* UICollectionViewCell+Extension.swift */,
				3B6C47912770EF51008AD740 /* UICollectionView+Extension.swift */,
				3B6C47972770EFEC008AD740 /* UITableViewCell+Extension.swift */,
				3B6C47952770EFD2008AD740 /* UITableView+Extension.swift */,
			);
			path = Extensions;
			sourceTree = "<group>";
		};
		3B7C2DE3276B327C00F7DD28 /* Managers */ = {
			isa = PBXGroup;
			children = (
				3B6C47A927729E2F008AD740 /* NetworkManager */,
				3B7C2DE8276B32D500F7DD28 /* Local Database */,
				3B6C47AE2772A761008AD740 /* UDManager.swift */,
			);
			path = Managers;
			sourceTree = "<group>";
		};
		3B7C2DE4276B328800F7DD28 /* Domain */ = {
			isa = PBXGroup;
			children = (
				3B6C479D277101D5008AD740 /* Model */,
			);
			path = Domain;
			sourceTree = "<group>";
		};
		3B7C2DE5276B329300F7DD28 /* Contants */ = {
			isa = PBXGroup;
			children = (
				3B6C47AA27729EC8008AD740 /* ExchangeRatesConstants.swift */,
				3BF594EE27814680004D1988 /* Servers.swift */,
			);
			path = Contants;
			sourceTree = "<group>";
		};
		3B7C2DE6276B329E00F7DD28 /* Custom UI Components */ = {
			isa = PBXGroup;
			children = (
				3BFED4732781128B007109AF /* Dialog Alerts */,
				3B6C478D2770EEDB008AD740 /* CustomPageControl.swift */,
				3BBAA6D52777AF5900C91DD0 /* UIViewExtensions.swift */,
				3B9D00D92778F12700874FB0 /* FloatingLabelInput.swift */,
				3B824B1F278253E8008E26FF /* ImgViewsCustomisations.swift */,
			);
			path = "Custom UI Components";
			sourceTree = "<group>";
		};
		3B7C2DE7276B32AD00F7DD28 /* Scenes */ = {
			isa = PBXGroup;
			children = (
				3BBAA6D027774E8A00C91DD0 /* Main Dashboard */,
				3B7C2DEF276B37A600F7DD28 /* Create Account Scene */,
				3B7C2DEE276B379900F7DD28 /* Log in Scene */,
				3B7C2DE9276B35DA00F7DD28 /* Intro scene */,
			);
			path = Scenes;
			sourceTree = "<group>";
		};
		3B7C2DE8276B32D500F7DD28 /* Local Database */ = {
			isa = PBXGroup;
			children = (
				3BF99F752763767B009A287C /* Cryptal_Bank.xcdatamodeld */,
			);
			path = "Local Database";
			sourceTree = "<group>";
		};
		3B7C2DE9276B35DA00F7DD28 /* Intro scene */ = {
			isa = PBXGroup;
			children = (
				3B6C478C2770EE35008AD740 /* View */,
				3B6C478B2770EE1E008AD740 /* ViewModel */,
			);
			path = "Intro scene";
			sourceTree = "<group>";
		};
		3B7C2DEE276B379900F7DD28 /* Log in Scene */ = {
			isa = PBXGroup;
			children = (
				3B9D00DC27791FCC00874FB0 /* View */,
				3B9D00DB27791FC600874FB0 /* ViewModel */,
			);
			path = "Log in Scene";
			sourceTree = "<group>";
		};
		3B7C2DEF276B37A600F7DD28 /* Create Account Scene */ = {
			isa = PBXGroup;
			children = (
				3BFED46D27811126007109AF /* View */,
				3BFED46E27811137007109AF /* ViewModel */,
			);
			path = "Create Account Scene";
			sourceTree = "<group>";
		};
		3B824B1A27824EF7008E26FF /* Profile bar */ = {
			isa = PBXGroup;
			children = (
				3B824B1D27824F65008E26FF /* ProfileTabViewController.swift */,
				3B824B1B27824F57008E26FF /* ProfileTabViewController.storyboard */,
			);
			path = "Profile bar";
			sourceTree = "<group>";
		};
		3B9D00DB27791FC600874FB0 /* ViewModel */ = {
			isa = PBXGroup;
			children = (
				3BFED47627811475007109AF /* LogInViewDataService.swift */,
			);
			path = ViewModel;
			sourceTree = "<group>";
		};
		3B9D00DC27791FCC00874FB0 /* View */ = {
			isa = PBXGroup;
			children = (
				3B7C2DF0276B37C200F7DD28 /* LogInViewController.swift */,
				3B7C2DF2276B37CD00F7DD28 /* LogInViewController.storyboard */,
			);
			path = View;
			sourceTree = "<group>";
		};
		3BBAA6D027774E8A00C91DD0 /* Main Dashboard */ = {
			isa = PBXGroup;
			children = (
				3BFED46C2780D834007109AF /* Main */,
				8874F768277DE88B006B6F23 /* Face And Touch ID */,
				885498DF277B44EC003EFED0 /* Government issued ID */,
				885A21FF2778D8CC00C7E5CA /* Transaction Notification */,
				885A21BD2778B32800C7E5CA /* Financial Graphs And Charts */,
				88800CB0276BA83E0032C290 /* Crypto Scene */,
				8877099927721E3C00D8C965 /* National Currency Converter Scene */,
				887546E52774E9CC002ACC8F /* User Location */,
				885EE78D27762F490045C510 /* User Calendar */,
				3B824B1A27824EF7008E26FF /* Profile bar */,
			);
			path = "Main Dashboard";
			sourceTree = "<group>";
		};
		3BF99F602763767B009A287C = {
			isa = PBXGroup;
			children = (
				3BF99F6B2763767B009A287C /* Cryptal-Bank */,
				3BF99F852763767D009A287C /* Cryptal-BankTests */,
				3BF99F8F2763767D009A287C /* Cryptal-BankUITests */,
				886E1FA52781E6A80075B5D1 /* Cryptal-Bank-Widget */,
				886E1FA02781E6A80075B5D1 /* Frameworks */,
				3BF99F6A2763767B009A287C /* Products */,
			);
			sourceTree = "<group>";
		};
		3BF99F6A2763767B009A287C /* Products */ = {
			isa = PBXGroup;
			children = (
				3BF99F692763767B009A287C /* Cryptal Bank.app */,
				3BF99F822763767D009A287C /* Cryptal-BankTests.xctest */,
				3BF99F8C2763767D009A287C /* Cryptal-BankUITests.xctest */,
				886E1F9F2781E6A80075B5D1 /* Cryptal-Bank-WidgetExtension.appex */,
			);
			name = Products;
			sourceTree = "<group>";
		};
		3BF99F6B2763767B009A287C /* Cryptal-Bank */ = {
			isa = PBXGroup;
			children = (
				3B7C2DE1276B323C00F7DD28 /* App */,
				3B7C2DE0276B322500F7DD28 /* Infrastructure */,
				3B7C2DDF276B321A00F7DD28 /* Presentation */,
				3B7C2DDE276B320D00F7DD28 /* Resources */,
				3B7C2DDD276B320100F7DD28 /* Supporting Files */,
			);
			path = "Cryptal-Bank";
			sourceTree = "<group>";
		};
		3BF99F852763767D009A287C /* Cryptal-BankTests */ = {
			isa = PBXGroup;
			children = (
				3BF99F862763767D009A287C /* Cryptal_BankTests.swift */,
			);
			path = "Cryptal-BankTests";
			sourceTree = "<group>";
		};
		3BF99F8F2763767D009A287C /* Cryptal-BankUITests */ = {
			isa = PBXGroup;
			children = (
				3BF99F902763767D009A287C /* Cryptal_BankUITests.swift */,
				3BF99F922763767D009A287C /* Cryptal_BankUITestsLaunchTests.swift */,
			);
			path = "Cryptal-BankUITests";
			sourceTree = "<group>";
		};
		3BFED46C2780D834007109AF /* Main */ = {
			isa = PBXGroup;
			children = (
				3BBAA6D127774F0400C91DD0 /* MainDashboardTabBarController.swift */,
				3BBAA6D327774F1200C91DD0 /* MainDashboardTabBarController.storyboard */,
			);
			path = Main;
			sourceTree = "<group>";
		};
		3BFED46D27811126007109AF /* View */ = {
			isa = PBXGroup;
			children = (
				3B7C2DF4276B37F200F7DD28 /* CreateAccountViewController.swift */,
				3B7C2DF6276B37FE00F7DD28 /* CreateAccountViewController.storyboard */,
			);
			path = View;
			sourceTree = "<group>";
		};
		3BFED46E27811137007109AF /* ViewModel */ = {
			isa = PBXGroup;
			children = (
				3BFED46F27811163007109AF /* CreateAccountDataService.swift */,
				3BFED471278111C2007109AF /* CreateAccountViewModel.swift */,
			);
			path = ViewModel;
			sourceTree = "<group>";
		};
		3BFED4732781128B007109AF /* Dialog Alerts */ = {
			isa = PBXGroup;
			children = (
				3BFED474278112A7007109AF /* DialogAlertsForActions.swift */,
			);
			path = "Dialog Alerts";
			sourceTree = "<group>";
		};
		885498DF277B44EC003EFED0 /* Government issued ID */ = {
			isa = PBXGroup;
			children = (
				885498E0277B45C5003EFED0 /* IDCardViewController.swift */,
				885498E2277B45E7003EFED0 /* IDCardViewController.storyboard */,
			);
			path = "Government issued ID";
			sourceTree = "<group>";
		};
		885A21BD2778B32800C7E5CA /* Financial Graphs And Charts */ = {
			isa = PBXGroup;
			children = (
				885A21C32778B4CA00C7E5CA /* BarViewController.swift */,
				885A21C72778B6D500C7E5CA /* LineViewController.swift */,
				885A21C92778B6EE00C7E5CA /* PieViewController.swift */,
				885A21C52778B50200C7E5CA /* GraphsAndChartsViewController.storyboard */,
			);
			path = "Financial Graphs And Charts";
			sourceTree = "<group>";
		};
		885A21FF2778D8CC00C7E5CA /* Transaction Notification */ = {
			isa = PBXGroup;
			children = (
				885A22002778D8FF00C7E5CA /* NotificationController.swift */,
				885A22022778D91800C7E5CA /* NotificationController.storyboard */,
			);
			path = "Transaction Notification";
			sourceTree = "<group>";
		};
		885EE78D27762F490045C510 /* User Calendar */ = {
			isa = PBXGroup;
			children = (
				885EE78E27762FAF0045C510 /* CalendarViewController.swift */,
				885EE79027762FE90045C510 /* CalendarViewController.storyboard */,
			);
			path = "User Calendar";
			sourceTree = "<group>";
		};
		886E1FA02781E6A80075B5D1 /* Frameworks */ = {
			isa = PBXGroup;
			children = (
				886E1FA12781E6A80075B5D1 /* WidgetKit.framework */,
				886E1FA32781E6A80075B5D1 /* SwiftUI.framework */,
			);
			name = Frameworks;
			sourceTree = "<group>";
		};
		886E1FA52781E6A80075B5D1 /* Cryptal-Bank-Widget */ = {
			isa = PBXGroup;
			children = (
				886E1FA62781E6A80075B5D1 /* Cryptal_Bank_Widget.swift */,
				886E1FA82781E6AA0075B5D1 /* Assets.xcassets */,
				886E1FAA2781E6AA0075B5D1 /* Info.plist */,
			);
			path = "Cryptal-Bank-Widget";
			sourceTree = "<group>";
		};
		8874F768277DE88B006B6F23 /* Face And Touch ID */ = {
			isa = PBXGroup;
			children = (
				8874F769277DE915006B6F23 /* BiometricsViewController.swift */,
				8874F76B277DE934006B6F23 /* BiometricsViewController.storyboard */,
			);
			path = "Face And Touch ID";
			sourceTree = "<group>";
		};
		887546E52774E9CC002ACC8F /* User Location */ = {
			isa = PBXGroup;
			children = (
				887546E62774EA12002ACC8F /* LocationViewController.swift */,
				887546E82774EA37002ACC8F /* LocationViewController.storyboard */,
			);
			path = "User Location";
			sourceTree = "<group>";
		};
		8877099927721E3C00D8C965 /* National Currency Converter Scene */ = {
			isa = PBXGroup;
			children = (
				8877099C27721F5B00D8C965 /* ExchangeRates.swift */,
				8877099A27721F0400D8C965 /* NationalCurrencyViewController.swift */,
				8877099E27721F7100D8C965 /* NationalCurrencyViewController.storyboard */,
			);
			path = "National Currency Converter Scene";
			sourceTree = "<group>";
		};
		88800CB0276BA83E0032C290 /* Crypto Scene */ = {
			isa = PBXGroup;
			children = (
				88800CB3276BAA5B0032C290 /* CryptoTableViewCell.swift */,
				88800CAE276BA8350032C290 /* CryptoViewController.swift */,
				88800CB1276BA8DD0032C290 /* CryptoViewController.storyboard */,
			);
			path = "Crypto Scene";
			sourceTree = "<group>";
		};
/* End PBXGroup section */

/* Begin PBXNativeTarget section */
		3BF99F682763767B009A287C /* Cryptal-Bank */ = {
			isa = PBXNativeTarget;
			buildConfigurationList = 3BF99F962763767D009A287C /* Build configuration list for PBXNativeTarget "Cryptal-Bank" */;
			buildPhases = (
				3BF99F652763767B009A287C /* Sources */,
				3BF99F662763767B009A287C /* Frameworks */,
				3BF99F672763767B009A287C /* Resources */,
				886E1FAE2781E6AA0075B5D1 /* Embed App Extensions */,
			);
			buildRules = (
			);
			dependencies = (
				886E1FAC2781E6AA0075B5D1 /* PBXTargetDependency */,
			);
			name = "Cryptal-Bank";
			packageProductDependencies = (
				3BF99FA227637C21009A287C /* FirebaseAnalytics */,
				3BF99FA427637C21009A287C /* FirebaseAnalyticsSwift-Beta */,
				3BF99FA627637C21009A287C /* FirebaseAnalyticsWithoutAdIdSupport */,
				3BF99FA827637C21009A287C /* FirebaseAppCheck */,
				3BF99FAA27637C21009A287C /* FirebaseAppDistribution-Beta */,
				3BF99FAC27637C21009A287C /* FirebaseAuth */,
				3BF99FAE27637C21009A287C /* FirebaseAuthCombine-Community */,
				3BF99FB027637C21009A287C /* FirebaseCrashlytics */,
				3BF99FB227637C21009A287C /* FirebaseDatabase */,
				3BF99FB427637C21009A287C /* FirebaseDatabaseSwift-Beta */,
				3BF99FB627637C21009A287C /* FirebaseDynamicLinks */,
				3BF99FB827637C21009A287C /* FirebaseFirestore */,
				3BF99FBA27637C21009A287C /* FirebaseFirestoreCombine-Community */,
				3BF99FBC27637C21009A287C /* FirebaseFirestoreSwift-Beta */,
				3BF99FBE27637C21009A287C /* FirebaseFunctions */,
				3BF99FC027637C21009A287C /* FirebaseFunctionsCombine-Community */,
				3BF99FC227637C21009A287C /* FirebaseInAppMessaging-Beta */,
				3BF99FC427637C21009A287C /* FirebaseInAppMessagingSwift-Beta */,
				3BF99FC627637C21009A287C /* FirebaseInstallations */,
				3BF99FC827637C21009A287C /* FirebaseMLModelDownloader */,
				3BF99FCA27637C21009A287C /* FirebaseMessaging */,
				3BF99FCC27637C21009A287C /* FirebasePerformance */,
				3BF99FCE27637C21009A287C /* FirebaseRemoteConfig */,
				3BF99FD027637C21009A287C /* FirebaseStorage */,
				3BF99FD227637C21009A287C /* FirebaseStorageCombine-Community */,
				3BF99FD427637C21009A287C /* FirebaseStorageSwift-Beta */,
				885EE78B27762EEB0045C510 /* FSCalendar */,
				885A21D02778BB7F00C7E5CA /* Charts */,
			);
			productName = "Cryptal-Bank";
			productReference = 3BF99F692763767B009A287C /* Cryptal Bank.app */;
			productType = "com.apple.product-type.application";
		};
		3BF99F812763767D009A287C /* Cryptal-BankTests */ = {
			isa = PBXNativeTarget;
			buildConfigurationList = 3BF99F992763767D009A287C /* Build configuration list for PBXNativeTarget "Cryptal-BankTests" */;
			buildPhases = (
				3BF99F7E2763767D009A287C /* Sources */,
				3BF99F7F2763767D009A287C /* Frameworks */,
				3BF99F802763767D009A287C /* Resources */,
			);
			buildRules = (
			);
			dependencies = (
				3BF99F842763767D009A287C /* PBXTargetDependency */,
			);
			name = "Cryptal-BankTests";
			productName = "Cryptal-BankTests";
			productReference = 3BF99F822763767D009A287C /* Cryptal-BankTests.xctest */;
			productType = "com.apple.product-type.bundle.unit-test";
		};
		3BF99F8B2763767D009A287C /* Cryptal-BankUITests */ = {
			isa = PBXNativeTarget;
			buildConfigurationList = 3BF99F9C2763767D009A287C /* Build configuration list for PBXNativeTarget "Cryptal-BankUITests" */;
			buildPhases = (
				3BF99F882763767D009A287C /* Sources */,
				3BF99F892763767D009A287C /* Frameworks */,
				3BF99F8A2763767D009A287C /* Resources */,
			);
			buildRules = (
			);
			dependencies = (
				3BF99F8E2763767D009A287C /* PBXTargetDependency */,
			);
			name = "Cryptal-BankUITests";
			productName = "Cryptal-BankUITests";
			productReference = 3BF99F8C2763767D009A287C /* Cryptal-BankUITests.xctest */;
			productType = "com.apple.product-type.bundle.ui-testing";
		};
		886E1F9E2781E6A80075B5D1 /* Cryptal-Bank-WidgetExtension */ = {
			isa = PBXNativeTarget;
			buildConfigurationList = 886E1FB12781E6AA0075B5D1 /* Build configuration list for PBXNativeTarget "Cryptal-Bank-WidgetExtension" */;
			buildPhases = (
				886E1F9B2781E6A80075B5D1 /* Sources */,
				886E1F9C2781E6A80075B5D1 /* Frameworks */,
				886E1F9D2781E6A80075B5D1 /* Resources */,
			);
			buildRules = (
			);
			dependencies = (
			);
			name = "Cryptal-Bank-WidgetExtension";
			productName = "Cryptal-Bank-WidgetExtension";
			productReference = 886E1F9F2781E6A80075B5D1 /* Cryptal-Bank-WidgetExtension.appex */;
			productType = "com.apple.product-type.app-extension";
		};
/* End PBXNativeTarget section */

/* Begin PBXProject section */
		3BF99F612763767B009A287C /* Project object */ = {
			isa = PBXProject;
			attributes = {
				BuildIndependentTargetsInParallel = 1;
				LastSwiftUpdateCheck = 1310;
				LastUpgradeCheck = 1300;
				TargetAttributes = {
					3BF99F682763767B009A287C = {
						CreatedOnToolsVersion = 13.0;
					};
					3BF99F812763767D009A287C = {
						CreatedOnToolsVersion = 13.0;
						TestTargetID = 3BF99F682763767B009A287C;
					};
					3BF99F8B2763767D009A287C = {
						CreatedOnToolsVersion = 13.0;
						TestTargetID = 3BF99F682763767B009A287C;
					};
					886E1F9E2781E6A80075B5D1 = {
						CreatedOnToolsVersion = 13.1;
					};
				};
			};
			buildConfigurationList = 3BF99F642763767B009A287C /* Build configuration list for PBXProject "Cryptal-Bank" */;
			compatibilityVersion = "Xcode 13.0";
			developmentRegion = en;
			hasScannedForEncodings = 0;
			knownRegions = (
				en,
				Base,
			);
			mainGroup = 3BF99F602763767B009A287C;
			packageReferences = (
				3BF99FA127637C21009A287C /* XCRemoteSwiftPackageReference "firebase-ios-sdk" */,
				885EE78A27762EEB0045C510 /* XCRemoteSwiftPackageReference "FSCalendar" */,
				885A21CF2778BB7F00C7E5CA /* XCRemoteSwiftPackageReference "Charts" */,
			);
			productRefGroup = 3BF99F6A2763767B009A287C /* Products */;
			projectDirPath = "";
			projectRoot = "";
			targets = (
				3BF99F682763767B009A287C /* Cryptal-Bank */,
				3BF99F812763767D009A287C /* Cryptal-BankTests */,
				3BF99F8B2763767D009A287C /* Cryptal-BankUITests */,
				886E1F9E2781E6A80075B5D1 /* Cryptal-Bank-WidgetExtension */,
			);
		};
/* End PBXProject section */

/* Begin PBXResourcesBuildPhase section */
		3BF99F672763767B009A287C /* Resources */ = {
			isa = PBXResourcesBuildPhase;
			buildActionMask = 2147483647;
			files = (
				3BF99F7C2763767D009A287C /* LaunchScreen.storyboard in Resources */,
				3BF99FA027637B20009A287C /* GoogleService-Info.plist in Resources */,
				3BF99F792763767D009A287C /* Assets.xcassets in Resources */,
				885498E3277B45E7003EFED0 /* IDCardViewController.storyboard in Resources */,
				885A21C62778B50200C7E5CA /* GraphsAndChartsViewController.storyboard in Resources */,
				8877099F27721F7100D8C965 /* NationalCurrencyViewController.storyboard in Resources */,
				887546E92774EA37002ACC8F /* LocationViewController.storyboard in Resources */,
				88800CB2276BA8DD0032C290 /* CryptoViewController.storyboard in Resources */,
				3B7C2DF7276B37FE00F7DD28 /* CreateAccountViewController.storyboard in Resources */,
				3B7C2DF3276B37CD00F7DD28 /* LogInViewController.storyboard in Resources */,
				8874F76C277DE934006B6F23 /* BiometricsViewController.storyboard in Resources */,
				3BBAA6D427774F1200C91DD0 /* MainDashboardTabBarController.storyboard in Resources */,
				885EE79127762FEA0045C510 /* CalendarViewController.storyboard in Resources */,
				3B7C2DED276B362400F7DD28 /* AppIntroViewController.storyboard in Resources */,
				3B6C47A3277104C5008AD740 /* AppIntroPageCell.xib in Resources */,
				885A22032778D91800C7E5CA /* NotificationController.storyboard in Resources */,
				3B824B1C27824F57008E26FF /* ProfileTabViewController.storyboard in Resources */,
			);
			runOnlyForDeploymentPostprocessing = 0;
		};
		3BF99F802763767D009A287C /* Resources */ = {
			isa = PBXResourcesBuildPhase;
			buildActionMask = 2147483647;
			files = (
			);
			runOnlyForDeploymentPostprocessing = 0;
		};
		3BF99F8A2763767D009A287C /* Resources */ = {
			isa = PBXResourcesBuildPhase;
			buildActionMask = 2147483647;
			files = (
			);
			runOnlyForDeploymentPostprocessing = 0;
		};
		886E1F9D2781E6A80075B5D1 /* Resources */ = {
			isa = PBXResourcesBuildPhase;
			buildActionMask = 2147483647;
			files = (
				886E1FA92781E6AA0075B5D1 /* Assets.xcassets in Resources */,
			);
			runOnlyForDeploymentPostprocessing = 0;
		};
/* End PBXResourcesBuildPhase section */

/* Begin PBXSourcesBuildPhase section */
		3BF99F652763767B009A287C /* Sources */ = {
			isa = PBXSourcesBuildPhase;
			buildActionMask = 2147483647;
			files = (
				3B6C47B12772A783008AD740 /* User.swift in Sources */,
				3B6C47942770EF76008AD740 /* Validator+Extensions.swift in Sources */,
				3B7C2DF5276B37F200F7DD28 /* CreateAccountViewController.swift in Sources */,
				885A21CA2778B6EE00C7E5CA /* PieViewController.swift in Sources */,
				3BE39A432773B18200A230B2 /* CryptoModel.swift in Sources */,
				885498E1277B45C5003EFED0 /* IDCardViewController.swift in Sources */,
				3B6C47962770EFD2008AD740 /* UITableView+Extension.swift in Sources */,
				3BFED47027811163007109AF /* CreateAccountDataService.swift in Sources */,
				3B6C47A627729D8B008AD740 /* NetworkManager.swift in Sources */,
				3B6C47AB27729EC8008AD740 /* ExchangeRatesConstants.swift in Sources */,
				8874F76A277DE915006B6F23 /* BiometricsViewController.swift in Sources */,
				887546E72774EA12002ACC8F /* LocationViewController.swift in Sources */,
				3B6C47982770EFEC008AD740 /* UITableViewCell+Extension.swift in Sources */,
				885A22012778D8FF00C7E5CA /* NotificationController.swift in Sources */,
				3B9D00DA2778F12700874FB0 /* FloatingLabelInput.swift in Sources */,
				3BBAA6D227774F0400C91DD0 /* MainDashboardTabBarController.swift in Sources */,
				885A21C42778B4CA00C7E5CA /* BarViewController.swift in Sources */,
				3BF594EF27814680004D1988 /* Servers.swift in Sources */,
				3B6C479A2770F05C008AD740 /* AppIntroDataService.swift in Sources */,
				3BF99F6D2763767B009A287C /* AppDelegate.swift in Sources */,
				3B6C479C2770F14A008AD740 /* AppIntroViewModel.swift in Sources */,
				3B6C478E2770EEDB008AD740 /* CustomPageControl.swift in Sources */,
				3B7C2DEB276B361600F7DD28 /* AppIntroViewController.swift in Sources */,
				3BE39A452773B95F00A230B2 /* ExchangeRates.swift in Sources */,
				3B6C47AD2772A203008AD740 /* ExchangeDataManager.swift in Sources */,
				3BF99F6F2763767B009A287C /* SceneDelegate.swift in Sources */,
				3B6C47A2277104C5008AD740 /* AppIntroPageCell.swift in Sources */,
				3B6C47922770EF51008AD740 /* UICollectionView+Extension.swift in Sources */,
				3B824B20278253E8008E26FF /* ImgViewsCustomisations.swift in Sources */,
				88800CAF276BA8350032C290 /* CryptoViewController.swift in Sources */,
				3B6C479F277101E5008AD740 /* AppIntroPageModel.swift in Sources */,
				3BE39A442773B91500A230B2 /* NationalCurrencyViewController.swift in Sources */,
				3B7C2DF1276B37C200F7DD28 /* LogInViewController.swift in Sources */,
				885EE78F27762FAF0045C510 /* CalendarViewController.swift in Sources */,
				3BFED47727811475007109AF /* LogInViewDataService.swift in Sources */,
				3B6C47902770EF19008AD740 /* UICollectionViewCell+Extension.swift in Sources */,
				3BBAA6D62777AF5900C91DD0 /* UIViewExtensions.swift in Sources */,
				3BF99F772763767B009A287C /* Cryptal_Bank.xcdatamodeld in Sources */,
				3B6C47A827729DCC008AD740 /* URLExtensions.swift in Sources */,
				3BFED472278111C2007109AF /* CreateAccountViewModel.swift in Sources */,
				88800CB4276BAA5B0032C290 /* CryptoTableViewCell.swift in Sources */,
				3B824B1E27824F65008E26FF /* ProfileTabViewController.swift in Sources */,
				3B6C47AF2772A761008AD740 /* UDManager.swift in Sources */,
				885A21C82778B6D500C7E5CA /* LineViewController.swift in Sources */,
				3BFED475278112A7007109AF /* DialogAlertsForActions.swift in Sources */,
			);
			runOnlyForDeploymentPostprocessing = 0;
		};
		3BF99F7E2763767D009A287C /* Sources */ = {
			isa = PBXSourcesBuildPhase;
			buildActionMask = 2147483647;
			files = (
				3BF99F872763767D009A287C /* Cryptal_BankTests.swift in Sources */,
			);
			runOnlyForDeploymentPostprocessing = 0;
		};
		3BF99F882763767D009A287C /* Sources */ = {
			isa = PBXSourcesBuildPhase;
			buildActionMask = 2147483647;
			files = (
				3BF99F932763767D009A287C /* Cryptal_BankUITestsLaunchTests.swift in Sources */,
				3BF99F912763767D009A287C /* Cryptal_BankUITests.swift in Sources */,
			);
			runOnlyForDeploymentPostprocessing = 0;
		};
		886E1F9B2781E6A80075B5D1 /* Sources */ = {
			isa = PBXSourcesBuildPhase;
			buildActionMask = 2147483647;
			files = (
				886E1FA72781E6A80075B5D1 /* Cryptal_Bank_Widget.swift in Sources */,
			);
			runOnlyForDeploymentPostprocessing = 0;
		};
/* End PBXSourcesBuildPhase section */

/* Begin PBXTargetDependency section */
		3BF99F842763767D009A287C /* PBXTargetDependency */ = {
			isa = PBXTargetDependency;
			target = 3BF99F682763767B009A287C /* Cryptal-Bank */;
			targetProxy = 3BF99F832763767D009A287C /* PBXContainerItemProxy */;
		};
		3BF99F8E2763767D009A287C /* PBXTargetDependency */ = {
			isa = PBXTargetDependency;
			target = 3BF99F682763767B009A287C /* Cryptal-Bank */;
			targetProxy = 3BF99F8D2763767D009A287C /* PBXContainerItemProxy */;
		};
		886E1FAC2781E6AA0075B5D1 /* PBXTargetDependency */ = {
			isa = PBXTargetDependency;
			target = 886E1F9E2781E6A80075B5D1 /* Cryptal-Bank-WidgetExtension */;
			targetProxy = 886E1FAB2781E6AA0075B5D1 /* PBXContainerItemProxy */;
		};
/* End PBXTargetDependency section */

/* Begin PBXVariantGroup section */
		3BF99F7A2763767D009A287C /* LaunchScreen.storyboard */ = {
			isa = PBXVariantGroup;
			children = (
				3BF99F7B2763767D009A287C /* Base */,
			);
			name = LaunchScreen.storyboard;
			sourceTree = "<group>";
		};
/* End PBXVariantGroup section */

/* Begin XCBuildConfiguration section */
		3BF99F942763767D009A287C /* Debug */ = {
			isa = XCBuildConfiguration;
			buildSettings = {
				ALWAYS_SEARCH_USER_PATHS = NO;
				CLANG_ANALYZER_NONNULL = YES;
				CLANG_ANALYZER_NUMBER_OBJECT_CONVERSION = YES_AGGRESSIVE;
				CLANG_CXX_LANGUAGE_STANDARD = "gnu++17";
				CLANG_CXX_LIBRARY = "libc++";
				CLANG_ENABLE_MODULES = YES;
				CLANG_ENABLE_OBJC_ARC = YES;
				CLANG_ENABLE_OBJC_WEAK = YES;
				CLANG_WARN_BLOCK_CAPTURE_AUTORELEASING = YES;
				CLANG_WARN_BOOL_CONVERSION = YES;
				CLANG_WARN_COMMA = YES;
				CLANG_WARN_CONSTANT_CONVERSION = YES;
				CLANG_WARN_DEPRECATED_OBJC_IMPLEMENTATIONS = YES;
				CLANG_WARN_DIRECT_OBJC_ISA_USAGE = YES_ERROR;
				CLANG_WARN_DOCUMENTATION_COMMENTS = YES;
				CLANG_WARN_EMPTY_BODY = YES;
				CLANG_WARN_ENUM_CONVERSION = YES;
				CLANG_WARN_INFINITE_RECURSION = YES;
				CLANG_WARN_INT_CONVERSION = YES;
				CLANG_WARN_NON_LITERAL_NULL_CONVERSION = YES;
				CLANG_WARN_OBJC_IMPLICIT_RETAIN_SELF = YES;
				CLANG_WARN_OBJC_LITERAL_CONVERSION = YES;
				CLANG_WARN_OBJC_ROOT_CLASS = YES_ERROR;
				CLANG_WARN_QUOTED_INCLUDE_IN_FRAMEWORK_HEADER = YES;
				CLANG_WARN_RANGE_LOOP_ANALYSIS = YES;
				CLANG_WARN_STRICT_PROTOTYPES = YES;
				CLANG_WARN_SUSPICIOUS_MOVE = YES;
				CLANG_WARN_UNGUARDED_AVAILABILITY = YES_AGGRESSIVE;
				CLANG_WARN_UNREACHABLE_CODE = YES;
				CLANG_WARN__DUPLICATE_METHOD_MATCH = YES;
				COPY_PHASE_STRIP = NO;
				DEBUG_INFORMATION_FORMAT = dwarf;
				ENABLE_STRICT_OBJC_MSGSEND = YES;
				ENABLE_TESTABILITY = YES;
				GCC_C_LANGUAGE_STANDARD = gnu11;
				GCC_DYNAMIC_NO_PIC = NO;
				GCC_NO_COMMON_BLOCKS = YES;
				GCC_OPTIMIZATION_LEVEL = 0;
				GCC_PREPROCESSOR_DEFINITIONS = (
					"DEBUG=1",
					"$(inherited)",
				);
				GCC_WARN_64_TO_32_BIT_CONVERSION = YES;
				GCC_WARN_ABOUT_RETURN_TYPE = YES_ERROR;
				GCC_WARN_UNDECLARED_SELECTOR = YES;
				GCC_WARN_UNINITIALIZED_AUTOS = YES_AGGRESSIVE;
				GCC_WARN_UNUSED_FUNCTION = YES;
				GCC_WARN_UNUSED_VARIABLE = YES;
				IPHONEOS_DEPLOYMENT_TARGET = 15.0;
				MTL_ENABLE_DEBUG_INFO = INCLUDE_SOURCE;
				MTL_FAST_MATH = YES;
				ONLY_ACTIVE_ARCH = YES;
				SDKROOT = iphoneos;
				SWIFT_ACTIVE_COMPILATION_CONDITIONS = DEBUG;
				SWIFT_OPTIMIZATION_LEVEL = "-Onone";
			};
			name = Debug;
		};
		3BF99F952763767D009A287C /* Release */ = {
			isa = XCBuildConfiguration;
			buildSettings = {
				ALWAYS_SEARCH_USER_PATHS = NO;
				CLANG_ANALYZER_NONNULL = YES;
				CLANG_ANALYZER_NUMBER_OBJECT_CONVERSION = YES_AGGRESSIVE;
				CLANG_CXX_LANGUAGE_STANDARD = "gnu++17";
				CLANG_CXX_LIBRARY = "libc++";
				CLANG_ENABLE_MODULES = YES;
				CLANG_ENABLE_OBJC_ARC = YES;
				CLANG_ENABLE_OBJC_WEAK = YES;
				CLANG_WARN_BLOCK_CAPTURE_AUTORELEASING = YES;
				CLANG_WARN_BOOL_CONVERSION = YES;
				CLANG_WARN_COMMA = YES;
				CLANG_WARN_CONSTANT_CONVERSION = YES;
				CLANG_WARN_DEPRECATED_OBJC_IMPLEMENTATIONS = YES;
				CLANG_WARN_DIRECT_OBJC_ISA_USAGE = YES_ERROR;
				CLANG_WARN_DOCUMENTATION_COMMENTS = YES;
				CLANG_WARN_EMPTY_BODY = YES;
				CLANG_WARN_ENUM_CONVERSION = YES;
				CLANG_WARN_INFINITE_RECURSION = YES;
				CLANG_WARN_INT_CONVERSION = YES;
				CLANG_WARN_NON_LITERAL_NULL_CONVERSION = YES;
				CLANG_WARN_OBJC_IMPLICIT_RETAIN_SELF = YES;
				CLANG_WARN_OBJC_LITERAL_CONVERSION = YES;
				CLANG_WARN_OBJC_ROOT_CLASS = YES_ERROR;
				CLANG_WARN_QUOTED_INCLUDE_IN_FRAMEWORK_HEADER = YES;
				CLANG_WARN_RANGE_LOOP_ANALYSIS = YES;
				CLANG_WARN_STRICT_PROTOTYPES = YES;
				CLANG_WARN_SUSPICIOUS_MOVE = YES;
				CLANG_WARN_UNGUARDED_AVAILABILITY = YES_AGGRESSIVE;
				CLANG_WARN_UNREACHABLE_CODE = YES;
				CLANG_WARN__DUPLICATE_METHOD_MATCH = YES;
				COPY_PHASE_STRIP = NO;
				DEBUG_INFORMATION_FORMAT = "dwarf-with-dsym";
				ENABLE_NS_ASSERTIONS = NO;
				ENABLE_STRICT_OBJC_MSGSEND = YES;
				GCC_C_LANGUAGE_STANDARD = gnu11;
				GCC_NO_COMMON_BLOCKS = YES;
				GCC_WARN_64_TO_32_BIT_CONVERSION = YES;
				GCC_WARN_ABOUT_RETURN_TYPE = YES_ERROR;
				GCC_WARN_UNDECLARED_SELECTOR = YES;
				GCC_WARN_UNINITIALIZED_AUTOS = YES_AGGRESSIVE;
				GCC_WARN_UNUSED_FUNCTION = YES;
				GCC_WARN_UNUSED_VARIABLE = YES;
				IPHONEOS_DEPLOYMENT_TARGET = 15.0;
				MTL_ENABLE_DEBUG_INFO = NO;
				MTL_FAST_MATH = YES;
				SDKROOT = iphoneos;
				SWIFT_COMPILATION_MODE = wholemodule;
				SWIFT_OPTIMIZATION_LEVEL = "-O";
				VALIDATE_PRODUCT = YES;
			};
			name = Release;
		};
		3BF99F972763767D009A287C /* Debug */ = {
			isa = XCBuildConfiguration;
			buildSettings = {
				ALWAYS_EMBED_SWIFT_STANDARD_LIBRARIES = YES;
				ASSETCATALOG_COMPILER_APPICON_NAME = AppIcon;
				ASSETCATALOG_COMPILER_GLOBAL_ACCENT_COLOR_NAME = AccentColor;
				CODE_SIGN_STYLE = Automatic;
				CURRENT_PROJECT_VERSION = 1;
				GENERATE_INFOPLIST_FILE = YES;
				INFOPLIST_FILE = "Cryptal-Bank/Supporting Files/Info.plist";
				INFOPLIST_KEY_UIApplicationSupportsIndirectInputEvents = YES;
				INFOPLIST_KEY_UILaunchStoryboardName = LaunchScreen;
				INFOPLIST_KEY_UISupportedInterfaceOrientations_iPad = "UIInterfaceOrientationPortrait UIInterfaceOrientationPortraitUpsideDown UIInterfaceOrientationLandscapeLeft UIInterfaceOrientationLandscapeRight";
				INFOPLIST_KEY_UISupportedInterfaceOrientations_iPhone = "UIInterfaceOrientationPortrait UIInterfaceOrientationLandscapeLeft UIInterfaceOrientationLandscapeRight";
				LD_RUNPATH_SEARCH_PATHS = (
					"$(inherited)",
					"@executable_path/Frameworks",
				);
				MARKETING_VERSION = 1.0;
				PRODUCT_BUNDLE_IDENTIFIER = "ika.ikakooo.pro.Cryptal-Bank";
				PRODUCT_NAME = "Cryptal Bank";
				SWIFT_EMIT_LOC_STRINGS = YES;
				SWIFT_VERSION = 5.0;
				TARGETED_DEVICE_FAMILY = "1,2";
			};
			name = Debug;
		};
		3BF99F982763767D009A287C /* Release */ = {
			isa = XCBuildConfiguration;
			buildSettings = {
				ALWAYS_EMBED_SWIFT_STANDARD_LIBRARIES = YES;
				ASSETCATALOG_COMPILER_APPICON_NAME = AppIcon;
				ASSETCATALOG_COMPILER_GLOBAL_ACCENT_COLOR_NAME = AccentColor;
				CODE_SIGN_STYLE = Automatic;
				CURRENT_PROJECT_VERSION = 1;
				GENERATE_INFOPLIST_FILE = YES;
				INFOPLIST_FILE = "Cryptal-Bank/Supporting Files/Info.plist";
				INFOPLIST_KEY_UIApplicationSupportsIndirectInputEvents = YES;
				INFOPLIST_KEY_UILaunchStoryboardName = LaunchScreen;
				INFOPLIST_KEY_UISupportedInterfaceOrientations_iPad = "UIInterfaceOrientationPortrait UIInterfaceOrientationPortraitUpsideDown UIInterfaceOrientationLandscapeLeft UIInterfaceOrientationLandscapeRight";
				INFOPLIST_KEY_UISupportedInterfaceOrientations_iPhone = "UIInterfaceOrientationPortrait UIInterfaceOrientationLandscapeLeft UIInterfaceOrientationLandscapeRight";
				LD_RUNPATH_SEARCH_PATHS = (
					"$(inherited)",
					"@executable_path/Frameworks",
				);
				MARKETING_VERSION = 1.0;
				PRODUCT_BUNDLE_IDENTIFIER = "ika.ikakooo.pro.Cryptal-Bank";
				PRODUCT_NAME = "Cryptal Bank";
				SWIFT_EMIT_LOC_STRINGS = YES;
				SWIFT_VERSION = 5.0;
				TARGETED_DEVICE_FAMILY = "1,2";
			};
			name = Release;
		};
		3BF99F9A2763767D009A287C /* Debug */ = {
			isa = XCBuildConfiguration;
			buildSettings = {
				ALWAYS_EMBED_SWIFT_STANDARD_LIBRARIES = YES;
				BUNDLE_LOADER = "$(TEST_HOST)";
				CODE_SIGN_STYLE = Automatic;
				CURRENT_PROJECT_VERSION = 1;
				GENERATE_INFOPLIST_FILE = YES;
				IPHONEOS_DEPLOYMENT_TARGET = 15.0;
				LD_RUNPATH_SEARCH_PATHS = (
					"$(inherited)",
					"@executable_path/Frameworks",
					"@loader_path/Frameworks",
				);
				MARKETING_VERSION = 1.0;
				PRODUCT_BUNDLE_IDENTIFIER = "ika.ikakooo.pro.Cryptal-BankTests";
				PRODUCT_NAME = "$(TARGET_NAME)";
				SWIFT_EMIT_LOC_STRINGS = NO;
				SWIFT_VERSION = 5.0;
				TARGETED_DEVICE_FAMILY = "1,2";
				TEST_HOST = "$(BUILT_PRODUCTS_DIR)/Cryptal-Bank.app/Cryptal-Bank";
			};
			name = Debug;
		};
		3BF99F9B2763767D009A287C /* Release */ = {
			isa = XCBuildConfiguration;
			buildSettings = {
				ALWAYS_EMBED_SWIFT_STANDARD_LIBRARIES = YES;
				BUNDLE_LOADER = "$(TEST_HOST)";
				CODE_SIGN_STYLE = Automatic;
				CURRENT_PROJECT_VERSION = 1;
				GENERATE_INFOPLIST_FILE = YES;
				IPHONEOS_DEPLOYMENT_TARGET = 15.0;
				LD_RUNPATH_SEARCH_PATHS = (
					"$(inherited)",
					"@executable_path/Frameworks",
					"@loader_path/Frameworks",
				);
				MARKETING_VERSION = 1.0;
				PRODUCT_BUNDLE_IDENTIFIER = "ika.ikakooo.pro.Cryptal-BankTests";
				PRODUCT_NAME = "$(TARGET_NAME)";
				SWIFT_EMIT_LOC_STRINGS = NO;
				SWIFT_VERSION = 5.0;
				TARGETED_DEVICE_FAMILY = "1,2";
				TEST_HOST = "$(BUILT_PRODUCTS_DIR)/Cryptal-Bank.app/Cryptal-Bank";
			};
			name = Release;
		};
		3BF99F9D2763767D009A287C /* Debug */ = {
			isa = XCBuildConfiguration;
			buildSettings = {
				ALWAYS_EMBED_SWIFT_STANDARD_LIBRARIES = YES;
				CODE_SIGN_STYLE = Automatic;
				CURRENT_PROJECT_VERSION = 1;
				GENERATE_INFOPLIST_FILE = YES;
				LD_RUNPATH_SEARCH_PATHS = (
					"$(inherited)",
					"@executable_path/Frameworks",
					"@loader_path/Frameworks",
				);
				MARKETING_VERSION = 1.0;
				PRODUCT_BUNDLE_IDENTIFIER = "ika.ikakooo.pro.Cryptal-BankUITests";
				PRODUCT_NAME = "$(TARGET_NAME)";
				SWIFT_EMIT_LOC_STRINGS = NO;
				SWIFT_VERSION = 5.0;
				TARGETED_DEVICE_FAMILY = "1,2";
				TEST_TARGET_NAME = "Cryptal-Bank";
			};
			name = Debug;
		};
		3BF99F9E2763767D009A287C /* Release */ = {
			isa = XCBuildConfiguration;
			buildSettings = {
				ALWAYS_EMBED_SWIFT_STANDARD_LIBRARIES = YES;
				CODE_SIGN_STYLE = Automatic;
				CURRENT_PROJECT_VERSION = 1;
				GENERATE_INFOPLIST_FILE = YES;
				LD_RUNPATH_SEARCH_PATHS = (
					"$(inherited)",
					"@executable_path/Frameworks",
					"@loader_path/Frameworks",
				);
				MARKETING_VERSION = 1.0;
				PRODUCT_BUNDLE_IDENTIFIER = "ika.ikakooo.pro.Cryptal-BankUITests";
				PRODUCT_NAME = "$(TARGET_NAME)";
				SWIFT_EMIT_LOC_STRINGS = NO;
				SWIFT_VERSION = 5.0;
				TARGETED_DEVICE_FAMILY = "1,2";
				TEST_TARGET_NAME = "Cryptal-Bank";
			};
			name = Release;
		};
		886E1FAF2781E6AA0075B5D1 /* Debug */ = {
			isa = XCBuildConfiguration;
			buildSettings = {
				ASSETCATALOG_COMPILER_GLOBAL_ACCENT_COLOR_NAME = AccentColor;
				ASSETCATALOG_COMPILER_WIDGET_BACKGROUND_COLOR_NAME = WidgetBackground;
				CODE_SIGN_STYLE = Automatic;
				CURRENT_PROJECT_VERSION = 1;
				GENERATE_INFOPLIST_FILE = YES;
				INFOPLIST_FILE = "Cryptal-Bank-Widget/Info.plist";
				INFOPLIST_KEY_CFBundleDisplayName = "Cryptal-Bank-Widget";
				INFOPLIST_KEY_NSHumanReadableCopyright = "";
				LD_RUNPATH_SEARCH_PATHS = (
					"$(inherited)",
					"@executable_path/Frameworks",
					"@executable_path/../../Frameworks",
				);
				MARKETING_VERSION = 1.0;
				PRODUCT_BUNDLE_IDENTIFIER = "ika.ikakooo.pro.Cryptal-Bank.Cryptal-Bank-Widget";
				PRODUCT_NAME = "$(TARGET_NAME)";
				SKIP_INSTALL = YES;
				SWIFT_EMIT_LOC_STRINGS = YES;
				SWIFT_VERSION = 5.0;
				TARGETED_DEVICE_FAMILY = "1,2";
			};
			name = Debug;
		};
		886E1FB02781E6AA0075B5D1 /* Release */ = {
			isa = XCBuildConfiguration;
			buildSettings = {
				ASSETCATALOG_COMPILER_GLOBAL_ACCENT_COLOR_NAME = AccentColor;
				ASSETCATALOG_COMPILER_WIDGET_BACKGROUND_COLOR_NAME = WidgetBackground;
				CODE_SIGN_STYLE = Automatic;
				CURRENT_PROJECT_VERSION = 1;
				GENERATE_INFOPLIST_FILE = YES;
				INFOPLIST_FILE = "Cryptal-Bank-Widget/Info.plist";
				INFOPLIST_KEY_CFBundleDisplayName = "Cryptal-Bank-Widget";
				INFOPLIST_KEY_NSHumanReadableCopyright = "";
				LD_RUNPATH_SEARCH_PATHS = (
					"$(inherited)",
					"@executable_path/Frameworks",
					"@executable_path/../../Frameworks",
				);
				MARKETING_VERSION = 1.0;
				PRODUCT_BUNDLE_IDENTIFIER = "ika.ikakooo.pro.Cryptal-Bank.Cryptal-Bank-Widget";
				PRODUCT_NAME = "$(TARGET_NAME)";
				SKIP_INSTALL = YES;
				SWIFT_EMIT_LOC_STRINGS = YES;
				SWIFT_VERSION = 5.0;
				TARGETED_DEVICE_FAMILY = "1,2";
			};
			name = Release;
		};
/* End XCBuildConfiguration section */

/* Begin XCConfigurationList section */
		3BF99F642763767B009A287C /* Build configuration list for PBXProject "Cryptal-Bank" */ = {
			isa = XCConfigurationList;
			buildConfigurations = (
				3BF99F942763767D009A287C /* Debug */,
				3BF99F952763767D009A287C /* Release */,
			);
			defaultConfigurationIsVisible = 0;
			defaultConfigurationName = Release;
		};
		3BF99F962763767D009A287C /* Build configuration list for PBXNativeTarget "Cryptal-Bank" */ = {
			isa = XCConfigurationList;
			buildConfigurations = (
				3BF99F972763767D009A287C /* Debug */,
				3BF99F982763767D009A287C /* Release */,
			);
			defaultConfigurationIsVisible = 0;
			defaultConfigurationName = Release;
		};
		3BF99F992763767D009A287C /* Build configuration list for PBXNativeTarget "Cryptal-BankTests" */ = {
			isa = XCConfigurationList;
			buildConfigurations = (
				3BF99F9A2763767D009A287C /* Debug */,
				3BF99F9B2763767D009A287C /* Release */,
			);
			defaultConfigurationIsVisible = 0;
			defaultConfigurationName = Release;
		};
		3BF99F9C2763767D009A287C /* Build configuration list for PBXNativeTarget "Cryptal-BankUITests" */ = {
			isa = XCConfigurationList;
			buildConfigurations = (
				3BF99F9D2763767D009A287C /* Debug */,
				3BF99F9E2763767D009A287C /* Release */,
			);
			defaultConfigurationIsVisible = 0;
			defaultConfigurationName = Release;
		};
		886E1FB12781E6AA0075B5D1 /* Build configuration list for PBXNativeTarget "Cryptal-Bank-WidgetExtension" */ = {
			isa = XCConfigurationList;
			buildConfigurations = (
				886E1FAF2781E6AA0075B5D1 /* Debug */,
				886E1FB02781E6AA0075B5D1 /* Release */,
			);
			defaultConfigurationIsVisible = 0;
			defaultConfigurationName = Release;
		};
/* End XCConfigurationList section */

/* Begin XCRemoteSwiftPackageReference section */
		3BF99FA127637C21009A287C /* XCRemoteSwiftPackageReference "firebase-ios-sdk" */ = {
			isa = XCRemoteSwiftPackageReference;
			repositoryURL = "https://github.com/firebase/firebase-ios-sdk";
			requirement = {
				kind = versionRange;
				maximumVersion = 9.0.0;
				minimumVersion = 8.0.0;
			};
		};
		885A21CF2778BB7F00C7E5CA /* XCRemoteSwiftPackageReference "Charts" */ = {
			isa = XCRemoteSwiftPackageReference;
			repositoryURL = "https://github.com/danielgindi/Charts.git";
			requirement = {
				branch = master;
				kind = branch;
			};
		};
		885EE78A27762EEB0045C510 /* XCRemoteSwiftPackageReference "FSCalendar" */ = {
			isa = XCRemoteSwiftPackageReference;
			repositoryURL = "https://github.com/WenchaoD/FSCalendar.git";
			requirement = {
				kind = versionRange;
				maximumVersion = 3.0.0;
				minimumVersion = 2.0.0;
			};
		};
/* End XCRemoteSwiftPackageReference section */

/* Begin XCSwiftPackageProductDependency section */
		3BF99FA227637C21009A287C /* FirebaseAnalytics */ = {
			isa = XCSwiftPackageProductDependency;
			package = 3BF99FA127637C21009A287C /* XCRemoteSwiftPackageReference "firebase-ios-sdk" */;
			productName = FirebaseAnalytics;
		};
		3BF99FA427637C21009A287C /* FirebaseAnalyticsSwift-Beta */ = {
			isa = XCSwiftPackageProductDependency;
			package = 3BF99FA127637C21009A287C /* XCRemoteSwiftPackageReference "firebase-ios-sdk" */;
			productName = "FirebaseAnalyticsSwift-Beta";
		};
		3BF99FA627637C21009A287C /* FirebaseAnalyticsWithoutAdIdSupport */ = {
			isa = XCSwiftPackageProductDependency;
			package = 3BF99FA127637C21009A287C /* XCRemoteSwiftPackageReference "firebase-ios-sdk" */;
			productName = FirebaseAnalyticsWithoutAdIdSupport;
		};
		3BF99FA827637C21009A287C /* FirebaseAppCheck */ = {
			isa = XCSwiftPackageProductDependency;
			package = 3BF99FA127637C21009A287C /* XCRemoteSwiftPackageReference "firebase-ios-sdk" */;
			productName = FirebaseAppCheck;
		};
		3BF99FAA27637C21009A287C /* FirebaseAppDistribution-Beta */ = {
			isa = XCSwiftPackageProductDependency;
			package = 3BF99FA127637C21009A287C /* XCRemoteSwiftPackageReference "firebase-ios-sdk" */;
			productName = "FirebaseAppDistribution-Beta";
		};
		3BF99FAC27637C21009A287C /* FirebaseAuth */ = {
			isa = XCSwiftPackageProductDependency;
			package = 3BF99FA127637C21009A287C /* XCRemoteSwiftPackageReference "firebase-ios-sdk" */;
			productName = FirebaseAuth;
		};
		3BF99FAE27637C21009A287C /* FirebaseAuthCombine-Community */ = {
			isa = XCSwiftPackageProductDependency;
			package = 3BF99FA127637C21009A287C /* XCRemoteSwiftPackageReference "firebase-ios-sdk" */;
			productName = "FirebaseAuthCombine-Community";
		};
		3BF99FB027637C21009A287C /* FirebaseCrashlytics */ = {
			isa = XCSwiftPackageProductDependency;
			package = 3BF99FA127637C21009A287C /* XCRemoteSwiftPackageReference "firebase-ios-sdk" */;
			productName = FirebaseCrashlytics;
		};
		3BF99FB227637C21009A287C /* FirebaseDatabase */ = {
			isa = XCSwiftPackageProductDependency;
			package = 3BF99FA127637C21009A287C /* XCRemoteSwiftPackageReference "firebase-ios-sdk" */;
			productName = FirebaseDatabase;
		};
		3BF99FB427637C21009A287C /* FirebaseDatabaseSwift-Beta */ = {
			isa = XCSwiftPackageProductDependency;
			package = 3BF99FA127637C21009A287C /* XCRemoteSwiftPackageReference "firebase-ios-sdk" */;
			productName = "FirebaseDatabaseSwift-Beta";
		};
		3BF99FB627637C21009A287C /* FirebaseDynamicLinks */ = {
			isa = XCSwiftPackageProductDependency;
			package = 3BF99FA127637C21009A287C /* XCRemoteSwiftPackageReference "firebase-ios-sdk" */;
			productName = FirebaseDynamicLinks;
		};
		3BF99FB827637C21009A287C /* FirebaseFirestore */ = {
			isa = XCSwiftPackageProductDependency;
			package = 3BF99FA127637C21009A287C /* XCRemoteSwiftPackageReference "firebase-ios-sdk" */;
			productName = FirebaseFirestore;
		};
		3BF99FBA27637C21009A287C /* FirebaseFirestoreCombine-Community */ = {
			isa = XCSwiftPackageProductDependency;
			package = 3BF99FA127637C21009A287C /* XCRemoteSwiftPackageReference "firebase-ios-sdk" */;
			productName = "FirebaseFirestoreCombine-Community";
		};
		3BF99FBC27637C21009A287C /* FirebaseFirestoreSwift-Beta */ = {
			isa = XCSwiftPackageProductDependency;
			package = 3BF99FA127637C21009A287C /* XCRemoteSwiftPackageReference "firebase-ios-sdk" */;
			productName = "FirebaseFirestoreSwift-Beta";
		};
		3BF99FBE27637C21009A287C /* FirebaseFunctions */ = {
			isa = XCSwiftPackageProductDependency;
			package = 3BF99FA127637C21009A287C /* XCRemoteSwiftPackageReference "firebase-ios-sdk" */;
			productName = FirebaseFunctions;
		};
		3BF99FC027637C21009A287C /* FirebaseFunctionsCombine-Community */ = {
			isa = XCSwiftPackageProductDependency;
			package = 3BF99FA127637C21009A287C /* XCRemoteSwiftPackageReference "firebase-ios-sdk" */;
			productName = "FirebaseFunctionsCombine-Community";
		};
		3BF99FC227637C21009A287C /* FirebaseInAppMessaging-Beta */ = {
			isa = XCSwiftPackageProductDependency;
			package = 3BF99FA127637C21009A287C /* XCRemoteSwiftPackageReference "firebase-ios-sdk" */;
			productName = "FirebaseInAppMessaging-Beta";
		};
		3BF99FC427637C21009A287C /* FirebaseInAppMessagingSwift-Beta */ = {
			isa = XCSwiftPackageProductDependency;
			package = 3BF99FA127637C21009A287C /* XCRemoteSwiftPackageReference "firebase-ios-sdk" */;
			productName = "FirebaseInAppMessagingSwift-Beta";
		};
		3BF99FC627637C21009A287C /* FirebaseInstallations */ = {
			isa = XCSwiftPackageProductDependency;
			package = 3BF99FA127637C21009A287C /* XCRemoteSwiftPackageReference "firebase-ios-sdk" */;
			productName = FirebaseInstallations;
		};
		3BF99FC827637C21009A287C /* FirebaseMLModelDownloader */ = {
			isa = XCSwiftPackageProductDependency;
			package = 3BF99FA127637C21009A287C /* XCRemoteSwiftPackageReference "firebase-ios-sdk" */;
			productName = FirebaseMLModelDownloader;
		};
		3BF99FCA27637C21009A287C /* FirebaseMessaging */ = {
			isa = XCSwiftPackageProductDependency;
			package = 3BF99FA127637C21009A287C /* XCRemoteSwiftPackageReference "firebase-ios-sdk" */;
			productName = FirebaseMessaging;
		};
		3BF99FCC27637C21009A287C /* FirebasePerformance */ = {
			isa = XCSwiftPackageProductDependency;
			package = 3BF99FA127637C21009A287C /* XCRemoteSwiftPackageReference "firebase-ios-sdk" */;
			productName = FirebasePerformance;
		};
		3BF99FCE27637C21009A287C /* FirebaseRemoteConfig */ = {
			isa = XCSwiftPackageProductDependency;
			package = 3BF99FA127637C21009A287C /* XCRemoteSwiftPackageReference "firebase-ios-sdk" */;
			productName = FirebaseRemoteConfig;
		};
		3BF99FD027637C21009A287C /* FirebaseStorage */ = {
			isa = XCSwiftPackageProductDependency;
			package = 3BF99FA127637C21009A287C /* XCRemoteSwiftPackageReference "firebase-ios-sdk" */;
			productName = FirebaseStorage;
		};
		3BF99FD227637C21009A287C /* FirebaseStorageCombine-Community */ = {
			isa = XCSwiftPackageProductDependency;
			package = 3BF99FA127637C21009A287C /* XCRemoteSwiftPackageReference "firebase-ios-sdk" */;
			productName = "FirebaseStorageCombine-Community";
		};
		3BF99FD427637C21009A287C /* FirebaseStorageSwift-Beta */ = {
			isa = XCSwiftPackageProductDependency;
			package = 3BF99FA127637C21009A287C /* XCRemoteSwiftPackageReference "firebase-ios-sdk" */;
			productName = "FirebaseStorageSwift-Beta";
		};
		885A21D02778BB7F00C7E5CA /* Charts */ = {
			isa = XCSwiftPackageProductDependency;
			package = 885A21CF2778BB7F00C7E5CA /* XCRemoteSwiftPackageReference "Charts" */;
			productName = Charts;
		};
		885EE78B27762EEB0045C510 /* FSCalendar */ = {
			isa = XCSwiftPackageProductDependency;
			package = 885EE78A27762EEB0045C510 /* XCRemoteSwiftPackageReference "FSCalendar" */;
			productName = FSCalendar;
		};
/* End XCSwiftPackageProductDependency section */

/* Begin XCVersionGroup section */
		3BF99F752763767B009A287C /* Cryptal_Bank.xcdatamodeld */ = {
			isa = XCVersionGroup;
			children = (
				3BF99F762763767B009A287C /* Cryptal_Bank.xcdatamodel */,
			);
			currentVersion = 3BF99F762763767B009A287C /* Cryptal_Bank.xcdatamodel */;
			path = Cryptal_Bank.xcdatamodeld;
			sourceTree = "<group>";
			versionGroupType = wrapper.xcdatamodel;
		};
/* End XCVersionGroup section */
	};
	rootObject = 3BF99F612763767B009A287C /* Project object */;
}
