// !$*UTF8*$!
{
	archiveVersion = 1;
	classes = {
	};
	objectVersion = 55;
	objects = {

/* Begin PBXBuildFile section */
		3BF99F6D2763767B009A287C /* AppDelegate.swift in Sources */ = {isa = PBXBuildFile; fileRef = 3BF99F6C2763767B009A287C /* AppDelegate.swift */; };
		3BF99F6F2763767B009A287C /* SceneDelegate.swift in Sources */ = {isa = PBXBuildFile; fileRef = 3BF99F6E2763767B009A287C /* SceneDelegate.swift */; };
		3BF99F712763767B009A287C /* ViewController.swift in Sources */ = {isa = PBXBuildFile; fileRef = 3BF99F702763767B009A287C /* ViewController.swift */; };
		3BF99F742763767B009A287C /* Main.storyboard in Resources */ = {isa = PBXBuildFile; fileRef = 3BF99F722763767B009A287C /* Main.storyboard */; };
		3BF99F772763767B009A287C /* Cryptal_Bank.xcdatamodeld in Sources */ = {isa = PBXBuildFile; fileRef = 3BF99F752763767B009A287C /* Cryptal_Bank.xcdatamodeld */; };
		3BF99F792763767D009A287C /* Assets.xcassets in Resources */ = {isa = PBXBuildFile; fileRef = 3BF99F782763767D009A287C /* Assets.xcassets */; };
		3BF99F7C2763767D009A287C /* LaunchScreen.storyboard in Resources */ = {isa = PBXBuildFile; fileRef = 3BF99F7A2763767D009A287C /* LaunchScreen.storyboard */; };
		3BF99F872763767D009A287C /* Cryptal_BankTests.swift in Sources */ = {isa = PBXBuildFile; fileRef = 3BF99F862763767D009A287C /* Cryptal_BankTests.swift */; };
		3BF99F912763767D009A287C /* Cryptal_BankUITests.swift in Sources */ = {isa = PBXBuildFile; fileRef = 3BF99F902763767D009A287C /* Cryptal_BankUITests.swift */; };
		3BF99F932763767D009A287C /* Cryptal_BankUITestsLaunchTests.swift in Sources */ = {isa = PBXBuildFile; fileRef = 3BF99F922763767D009A287C /* Cryptal_BankUITestsLaunchTests.swift */; };
		3BF99FA027637B20009A287C /* GoogleService-Info.plist in Resources */ = {isa = PBXBuildFile; fileRef = 3BF99F9F27637B20009A287C /* GoogleService-Info.plist */; };
		3BF99FA327637C21009A287C /* FirebaseAnalytics in Frameworks */ = {isa = PBXBuildFile; productRef = 3BF99FA227637C21009A287C /* FirebaseAnalytics */; };
		3BF99FA527637C21009A287C /* FirebaseAnalyticsSwift-Beta in Frameworks */ = {isa = PBXBuildFile; productRef = 3BF99FA427637C21009A287C /* FirebaseAnalyticsSwift-Beta */; };
		3BF99FA727637C21009A287C /* FirebaseAnalyticsWithoutAdIdSupport in Frameworks */ = {isa = PBXBuildFile; productRef = 3BF99FA627637C21009A287C /* FirebaseAnalyticsWithoutAdIdSupport */; };
		3BF99FA927637C21009A287C /* FirebaseAppCheck in Frameworks */ = {isa = PBXBuildFile; productRef = 3BF99FA827637C21009A287C /* FirebaseAppCheck */; };
		3BF99FAB27637C21009A287C /* FirebaseAppDistribution-Beta in Frameworks */ = {isa = PBXBuildFile; productRef = 3BF99FAA27637C21009A287C /* FirebaseAppDistribution-Beta */; };
		3BF99FAD27637C21009A287C /* FirebaseAuth in Frameworks */ = {isa = PBXBuildFile; productRef = 3BF99FAC27637C21009A287C /* FirebaseAuth */; };
		3BF99FAF27637C21009A287C /* FirebaseAuthCombine-Community in Frameworks */ = {isa = PBXBuildFile; productRef = 3BF99FAE27637C21009A287C /* FirebaseAuthCombine-Community */; };
		3BF99FB127637C21009A287C /* FirebaseCrashlytics in Frameworks */ = {isa = PBXBuildFile; productRef = 3BF99FB027637C21009A287C /* FirebaseCrashlytics */; };
		3BF99FB327637C21009A287C /* FirebaseDatabase in Frameworks */ = {isa = PBXBuildFile; productRef = 3BF99FB227637C21009A287C /* FirebaseDatabase */; };
		3BF99FB527637C21009A287C /* FirebaseDatabaseSwift-Beta in Frameworks */ = {isa = PBXBuildFile; productRef = 3BF99FB427637C21009A287C /* FirebaseDatabaseSwift-Beta */; };
		3BF99FB727637C21009A287C /* FirebaseDynamicLinks in Frameworks */ = {isa = PBXBuildFile; productRef = 3BF99FB627637C21009A287C /* FirebaseDynamicLinks */; };
		3BF99FB927637C21009A287C /* FirebaseFirestore in Frameworks */ = {isa = PBXBuildFile; productRef = 3BF99FB827637C21009A287C /* FirebaseFirestore */; };
		3BF99FBB27637C21009A287C /* FirebaseFirestoreCombine-Community in Frameworks */ = {isa = PBXBuildFile; productRef = 3BF99FBA27637C21009A287C /* FirebaseFirestoreCombine-Community */; };
		3BF99FBD27637C21009A287C /* FirebaseFirestoreSwift-Beta in Frameworks */ = {isa = PBXBuildFile; productRef = 3BF99FBC27637C21009A287C /* FirebaseFirestoreSwift-Beta */; };
		3BF99FBF27637C21009A287C /* FirebaseFunctions in Frameworks */ = {isa = PBXBuildFile; productRef = 3BF99FBE27637C21009A287C /* FirebaseFunctions */; };
		3BF99FC127637C21009A287C /* FirebaseFunctionsCombine-Community in Frameworks */ = {isa = PBXBuildFile; productRef = 3BF99FC027637C21009A287C /* FirebaseFunctionsCombine-Community */; };
		3BF99FC327637C21009A287C /* FirebaseInAppMessaging-Beta in Frameworks */ = {isa = PBXBuildFile; productRef = 3BF99FC227637C21009A287C /* FirebaseInAppMessaging-Beta */; };
		3BF99FC527637C21009A287C /* FirebaseInAppMessagingSwift-Beta in Frameworks */ = {isa = PBXBuildFile; productRef = 3BF99FC427637C21009A287C /* FirebaseInAppMessagingSwift-Beta */; };
		3BF99FC727637C21009A287C /* FirebaseInstallations in Frameworks */ = {isa = PBXBuildFile; productRef = 3BF99FC627637C21009A287C /* FirebaseInstallations */; };
		3BF99FC927637C21009A287C /* FirebaseMLModelDownloader in Frameworks */ = {isa = PBXBuildFile; productRef = 3BF99FC827637C21009A287C /* FirebaseMLModelDownloader */; };
		3BF99FCB27637C21009A287C /* FirebaseMessaging in Frameworks */ = {isa = PBXBuildFile; productRef = 3BF99FCA27637C21009A287C /* FirebaseMessaging */; };
		3BF99FCD27637C21009A287C /* FirebasePerformance in Frameworks */ = {isa = PBXBuildFile; productRef = 3BF99FCC27637C21009A287C /* FirebasePerformance */; };
		3BF99FCF27637C21009A287C /* FirebaseRemoteConfig in Frameworks */ = {isa = PBXBuildFile; productRef = 3BF99FCE27637C21009A287C /* FirebaseRemoteConfig */; };
		3BF99FD127637C21009A287C /* FirebaseStorage in Frameworks */ = {isa = PBXBuildFile; productRef = 3BF99FD027637C21009A287C /* FirebaseStorage */; };
		3BF99FD327637C21009A287C /* FirebaseStorageCombine-Community in Frameworks */ = {isa = PBXBuildFile; productRef = 3BF99FD227637C21009A287C /* FirebaseStorageCombine-Community */; };
		3BF99FD527637C21009A287C /* FirebaseStorageSwift-Beta in Frameworks */ = {isa = PBXBuildFile; productRef = 3BF99FD427637C21009A287C /* FirebaseStorageSwift-Beta */; };
/* End PBXBuildFile section */

/* Begin PBXContainerItemProxy section */
		3BF99F832763767D009A287C /* PBXContainerItemProxy */ = {
			isa = PBXContainerItemProxy;
			containerPortal = 3BF99F612763767B009A287C /* Project object */;
			proxyType = 1;
			remoteGlobalIDString = 3BF99F682763767B009A287C;
			remoteInfo = "Cryptal-Bank";
		};
		3BF99F8D2763767D009A287C /* PBXContainerItemProxy */ = {
			isa = PBXContainerItemProxy;
			containerPortal = 3BF99F612763767B009A287C /* Project object */;
			proxyType = 1;
			remoteGlobalIDString = 3BF99F682763767B009A287C;
			remoteInfo = "Cryptal-Bank";
		};
/* End PBXContainerItemProxy section */

/* Begin PBXFileReference section */
		3BF99F692763767B009A287C /* Cryptal-Bank.app */ = {isa = PBXFileReference; explicitFileType = wrapper.application; includeInIndex = 0; path = "Cryptal-Bank.app"; sourceTree = BUILT_PRODUCTS_DIR; };
		3BF99F6C2763767B009A287C /* AppDelegate.swift */ = {isa = PBXFileReference; lastKnownFileType = sourcecode.swift; path = AppDelegate.swift; sourceTree = "<group>"; };
		3BF99F6E2763767B009A287C /* SceneDelegate.swift */ = {isa = PBXFileReference; lastKnownFileType = sourcecode.swift; path = SceneDelegate.swift; sourceTree = "<group>"; };
		3BF99F702763767B009A287C /* ViewController.swift */ = {isa = PBXFileReference; lastKnownFileType = sourcecode.swift; path = ViewController.swift; sourceTree = "<group>"; };
		3BF99F732763767B009A287C /* Base */ = {isa = PBXFileReference; lastKnownFileType = file.storyboard; name = Base; path = Base.lproj/Main.storyboard; sourceTree = "<group>"; };
		3BF99F762763767B009A287C /* Cryptal_Bank.xcdatamodel */ = {isa = PBXFileReference; lastKnownFileType = wrapper.xcdatamodel; path = Cryptal_Bank.xcdatamodel; sourceTree = "<group>"; };
		3BF99F782763767D009A287C /* Assets.xcassets */ = {isa = PBXFileReference; lastKnownFileType = folder.assetcatalog; path = Assets.xcassets; sourceTree = "<group>"; };
		3BF99F7B2763767D009A287C /* Base */ = {isa = PBXFileReference; lastKnownFileType = file.storyboard; name = Base; path = Base.lproj/LaunchScreen.storyboard; sourceTree = "<group>"; };
		3BF99F7D2763767D009A287C /* Info.plist */ = {isa = PBXFileReference; lastKnownFileType = text.plist.xml; path = Info.plist; sourceTree = "<group>"; };
		3BF99F822763767D009A287C /* Cryptal-BankTests.xctest */ = {isa = PBXFileReference; explicitFileType = wrapper.cfbundle; includeInIndex = 0; path = "Cryptal-BankTests.xctest"; sourceTree = BUILT_PRODUCTS_DIR; };
		3BF99F862763767D009A287C /* Cryptal_BankTests.swift */ = {isa = PBXFileReference; lastKnownFileType = sourcecode.swift; path = Cryptal_BankTests.swift; sourceTree = "<group>"; };
		3BF99F8C2763767D009A287C /* Cryptal-BankUITests.xctest */ = {isa = PBXFileReference; explicitFileType = wrapper.cfbundle; includeInIndex = 0; path = "Cryptal-BankUITests.xctest"; sourceTree = BUILT_PRODUCTS_DIR; };
		3BF99F902763767D009A287C /* Cryptal_BankUITests.swift */ = {isa = PBXFileReference; lastKnownFileType = sourcecode.swift; path = Cryptal_BankUITests.swift; sourceTree = "<group>"; };
		3BF99F922763767D009A287C /* Cryptal_BankUITestsLaunchTests.swift */ = {isa = PBXFileReference; lastKnownFileType = sourcecode.swift; path = Cryptal_BankUITestsLaunchTests.swift; sourceTree = "<group>"; };
		3BF99F9F27637B20009A287C /* GoogleService-Info.plist */ = {isa = PBXFileReference; fileEncoding = 4; lastKnownFileType = text.plist.xml; path = "GoogleService-Info.plist"; sourceTree = "<group>"; };
/* End PBXFileReference section */

/* Begin PBXFrameworksBuildPhase section */
		3BF99F662763767B009A287C /* Frameworks */ = {
			isa = PBXFrameworksBuildPhase;
			buildActionMask = 2147483647;
			files = (
				3BF99FCD27637C21009A287C /* FirebasePerformance in Frameworks */,
				3BF99FBB27637C21009A287C /* FirebaseFirestoreCombine-Community in Frameworks */,
				3BF99FB527637C21009A287C /* FirebaseDatabaseSwift-Beta in Frameworks */,
				3BF99FB727637C21009A287C /* FirebaseDynamicLinks in Frameworks */,
				3BF99FA927637C21009A287C /* FirebaseAppCheck in Frameworks */,
				3BF99FD127637C21009A287C /* FirebaseStorage in Frameworks */,
				3BF99FAD27637C21009A287C /* FirebaseAuth in Frameworks */,
				3BF99FD527637C21009A287C /* FirebaseStorageSwift-Beta in Frameworks */,
				3BF99FC327637C21009A287C /* FirebaseInAppMessaging-Beta in Frameworks */,
				3BF99FA527637C21009A287C /* FirebaseAnalyticsSwift-Beta in Frameworks */,
				3BF99FC927637C21009A287C /* FirebaseMLModelDownloader in Frameworks */,
				3BF99FB927637C21009A287C /* FirebaseFirestore in Frameworks */,
				3BF99FCB27637C21009A287C /* FirebaseMessaging in Frameworks */,
				3BF99FC727637C21009A287C /* FirebaseInstallations in Frameworks */,
				3BF99FC127637C21009A287C /* FirebaseFunctionsCombine-Community in Frameworks */,
				3BF99FAB27637C21009A287C /* FirebaseAppDistribution-Beta in Frameworks */,
				3BF99FA727637C21009A287C /* FirebaseAnalyticsWithoutAdIdSupport in Frameworks */,
				3BF99FBD27637C21009A287C /* FirebaseFirestoreSwift-Beta in Frameworks */,
				3BF99FB127637C21009A287C /* FirebaseCrashlytics in Frameworks */,
				3BF99FB327637C21009A287C /* FirebaseDatabase in Frameworks */,
				3BF99FCF27637C21009A287C /* FirebaseRemoteConfig in Frameworks */,
				3BF99FBF27637C21009A287C /* FirebaseFunctions in Frameworks */,
				3BF99FAF27637C21009A287C /* FirebaseAuthCombine-Community in Frameworks */,
				3BF99FD327637C21009A287C /* FirebaseStorageCombine-Community in Frameworks */,
				3BF99FC527637C21009A287C /* FirebaseInAppMessagingSwift-Beta in Frameworks */,
				3BF99FA327637C21009A287C /* FirebaseAnalytics in Frameworks */,
			);
			runOnlyForDeploymentPostprocessing = 0;
		};
		3BF99F7F2763767D009A287C /* Frameworks */ = {
			isa = PBXFrameworksBuildPhase;
			buildActionMask = 2147483647;
			files = (
			);
			runOnlyForDeploymentPostprocessing = 0;
		};
		3BF99F892763767D009A287C /* Frameworks */ = {
			isa = PBXFrameworksBuildPhase;
			buildActionMask = 2147483647;
			files = (
			);
			runOnlyForDeploymentPostprocessing = 0;
		};
/* End PBXFrameworksBuildPhase section */

/* Begin PBXGroup section */
		3BF99F602763767B009A287C = {
			isa = PBXGroup;
			children = (
				3BF99F6B2763767B009A287C /* Cryptal-Bank */,
				3BF99F852763767D009A287C /* Cryptal-BankTests */,
				3BF99F8F2763767D009A287C /* Cryptal-BankUITests */,
				3BF99F6A2763767B009A287C /* Products */,
			);
			sourceTree = "<group>";
		};
		3BF99F6A2763767B009A287C /* Products */ = {
			isa = PBXGroup;
			children = (
				3BF99F692763767B009A287C /* Cryptal-Bank.app */,
				3BF99F822763767D009A287C /* Cryptal-BankTests.xctest */,
				3BF99F8C2763767D009A287C /* Cryptal-BankUITests.xctest */,
			);
			name = Products;
			sourceTree = "<group>";
		};
		3BF99F6B2763767B009A287C /* Cryptal-Bank */ = {
			isa = PBXGroup;
			children = (
				3BF99F9F27637B20009A287C /* GoogleService-Info.plist */,
				3BF99F6C2763767B009A287C /* AppDelegate.swift */,
				3BF99F6E2763767B009A287C /* SceneDelegate.swift */,
				3BF99F702763767B009A287C /* ViewController.swift */,
				3BF99F722763767B009A287C /* Main.storyboard */,
				3BF99F782763767D009A287C /* Assets.xcassets */,
				3BF99F7A2763767D009A287C /* LaunchScreen.storyboard */,
				3BF99F7D2763767D009A287C /* Info.plist */,
				3BF99F752763767B009A287C /* Cryptal_Bank.xcdatamodeld */,
			);
			path = "Cryptal-Bank";
			sourceTree = "<group>";
		};
		3BF99F852763767D009A287C /* Cryptal-BankTests */ = {
			isa = PBXGroup;
			children = (
				3BF99F862763767D009A287C /* Cryptal_BankTests.swift */,
			);
			path = "Cryptal-BankTests";
			sourceTree = "<group>";
		};
		3BF99F8F2763767D009A287C /* Cryptal-BankUITests */ = {
			isa = PBXGroup;
			children = (
				3BF99F902763767D009A287C /* Cryptal_BankUITests.swift */,
				3BF99F922763767D009A287C /* Cryptal_BankUITestsLaunchTests.swift */,
			);
			path = "Cryptal-BankUITests";
			sourceTree = "<group>";
		};
/* End PBXGroup section */

/* Begin PBXNativeTarget section */
		3BF99F682763767B009A287C /* Cryptal-Bank */ = {
			isa = PBXNativeTarget;
			buildConfigurationList = 3BF99F962763767D009A287C /* Build configuration list for PBXNativeTarget "Cryptal-Bank" */;
			buildPhases = (
				3BF99F652763767B009A287C /* Sources */,
				3BF99F662763767B009A287C /* Frameworks */,
				3BF99F672763767B009A287C /* Resources */,
			);
			buildRules = (
			);
			dependencies = (
			);
			name = "Cryptal-Bank";
			packageProductDependencies = (
				3BF99FA227637C21009A287C /* FirebaseAnalytics */,
				3BF99FA427637C21009A287C /* FirebaseAnalyticsSwift-Beta */,
				3BF99FA627637C21009A287C /* FirebaseAnalyticsWithoutAdIdSupport */,
				3BF99FA827637C21009A287C /* FirebaseAppCheck */,
				3BF99FAA27637C21009A287C /* FirebaseAppDistribution-Beta */,
				3BF99FAC27637C21009A287C /* FirebaseAuth */,
				3BF99FAE27637C21009A287C /* FirebaseAuthCombine-Community */,
				3BF99FB027637C21009A287C /* FirebaseCrashlytics */,
				3BF99FB227637C21009A287C /* FirebaseDatabase */,
				3BF99FB427637C21009A287C /* FirebaseDatabaseSwift-Beta */,
				3BF99FB627637C21009A287C /* FirebaseDynamicLinks */,
				3BF99FB827637C21009A287C /* FirebaseFirestore */,
				3BF99FBA27637C21009A287C /* FirebaseFirestoreCombine-Community */,
				3BF99FBC27637C21009A287C /* FirebaseFirestoreSwift-Beta */,
				3BF99FBE27637C21009A287C /* FirebaseFunctions */,
				3BF99FC027637C21009A287C /* FirebaseFunctionsCombine-Community */,
				3BF99FC227637C21009A287C /* FirebaseInAppMessaging-Beta */,
				3BF99FC427637C21009A287C /* FirebaseInAppMessagingSwift-Beta */,
				3BF99FC627637C21009A287C /* FirebaseInstallations */,
				3BF99FC827637C21009A287C /* FirebaseMLModelDownloader */,
				3BF99FCA27637C21009A287C /* FirebaseMessaging */,
				3BF99FCC27637C21009A287C /* FirebasePerformance */,
				3BF99FCE27637C21009A287C /* FirebaseRemoteConfig */,
				3BF99FD027637C21009A287C /* FirebaseStorage */,
				3BF99FD227637C21009A287C /* FirebaseStorageCombine-Community */,
				3BF99FD427637C21009A287C /* FirebaseStorageSwift-Beta */,
			);
			productName = "Cryptal-Bank";
			productReference = 3BF99F692763767B009A287C /* Cryptal-Bank.app */;
			productType = "com.apple.product-type.application";
		};
		3BF99F812763767D009A287C /* Cryptal-BankTests */ = {
			isa = PBXNativeTarget;
			buildConfigurationList = 3BF99F992763767D009A287C /* Build configuration list for PBXNativeTarget "Cryptal-BankTests" */;
			buildPhases = (
				3BF99F7E2763767D009A287C /* Sources */,
				3BF99F7F2763767D009A287C /* Frameworks */,
				3BF99F802763767D009A287C /* Resources */,
			);
			buildRules = (
			);
			dependencies = (
				3BF99F842763767D009A287C /* PBXTargetDependency */,
			);
			name = "Cryptal-BankTests";
			productName = "Cryptal-BankTests";
			productReference = 3BF99F822763767D009A287C /* Cryptal-BankTests.xctest */;
			productType = "com.apple.product-type.bundle.unit-test";
		};
		3BF99F8B2763767D009A287C /* Cryptal-BankUITests */ = {
			isa = PBXNativeTarget;
			buildConfigurationList = 3BF99F9C2763767D009A287C /* Build configuration list for PBXNativeTarget "Cryptal-BankUITests" */;
			buildPhases = (
				3BF99F882763767D009A287C /* Sources */,
				3BF99F892763767D009A287C /* Frameworks */,
				3BF99F8A2763767D009A287C /* Resources */,
			);
			buildRules = (
			);
			dependencies = (
				3BF99F8E2763767D009A287C /* PBXTargetDependency */,
			);
			name = "Cryptal-BankUITests";
			productName = "Cryptal-BankUITests";
			productReference = 3BF99F8C2763767D009A287C /* Cryptal-BankUITests.xctest */;
			productType = "com.apple.product-type.bundle.ui-testing";
		};
/* End PBXNativeTarget section */

/* Begin PBXProject section */
		3BF99F612763767B009A287C /* Project object */ = {
			isa = PBXProject;
			attributes = {
				BuildIndependentTargetsInParallel = 1;
				LastSwiftUpdateCheck = 1300;
				LastUpgradeCheck = 1300;
				TargetAttributes = {
					3BF99F682763767B009A287C = {
						CreatedOnToolsVersion = 13.0;
					};
					3BF99F812763767D009A287C = {
						CreatedOnToolsVersion = 13.0;
						TestTargetID = 3BF99F682763767B009A287C;
					};
					3BF99F8B2763767D009A287C = {
						CreatedOnToolsVersion = 13.0;
						TestTargetID = 3BF99F682763767B009A287C;
					};
				};
			};
			buildConfigurationList = 3BF99F642763767B009A287C /* Build configuration list for PBXProject "Cryptal-Bank" */;
			compatibilityVersion = "Xcode 13.0";
			developmentRegion = en;
			hasScannedForEncodings = 0;
			knownRegions = (
				en,
				Base,
			);
			mainGroup = 3BF99F602763767B009A287C;
			packageReferences = (
				3BF99FA127637C21009A287C /* XCRemoteSwiftPackageReference "firebase-ios-sdk" */,
			);
			productRefGroup = 3BF99F6A2763767B009A287C /* Products */;
			projectDirPath = "";
			projectRoot = "";
			targets = (
				3BF99F682763767B009A287C /* Cryptal-Bank */,
				3BF99F812763767D009A287C /* Cryptal-BankTests */,
				3BF99F8B2763767D009A287C /* Cryptal-BankUITests */,
			);
		};
/* End PBXProject section */

/* Begin PBXResourcesBuildPhase section */
		3BF99F672763767B009A287C /* Resources */ = {
			isa = PBXResourcesBuildPhase;
			buildActionMask = 2147483647;
			files = (
				3BF99F7C2763767D009A287C /* LaunchScreen.storyboard in Resources */,
				3BF99FA027637B20009A287C /* GoogleService-Info.plist in Resources */,
				3BF99F792763767D009A287C /* Assets.xcassets in Resources */,
				3BF99F742763767B009A287C /* Main.storyboard in Resources */,
			);
			runOnlyForDeploymentPostprocessing = 0;
		};
		3BF99F802763767D009A287C /* Resources */ = {
			isa = PBXResourcesBuildPhase;
			buildActionMask = 2147483647;
			files = (
			);
			runOnlyForDeploymentPostprocessing = 0;
		};
		3BF99F8A2763767D009A287C /* Resources */ = {
			isa = PBXResourcesBuildPhase;
			buildActionMask = 2147483647;
			files = (
			);
			runOnlyForDeploymentPostprocessing = 0;
		};
/* End PBXResourcesBuildPhase section */

/* Begin PBXSourcesBuildPhase section */
		3BF99F652763767B009A287C /* Sources */ = {
			isa = PBXSourcesBuildPhase;
			buildActionMask = 2147483647;
			files = (
				3BF99F712763767B009A287C /* ViewController.swift in Sources */,
				3BF99F6D2763767B009A287C /* AppDelegate.swift in Sources */,
				3BF99F6F2763767B009A287C /* SceneDelegate.swift in Sources */,
				3BF99F772763767B009A287C /* Cryptal_Bank.xcdatamodeld in Sources */,
			);
			runOnlyForDeploymentPostprocessing = 0;
		};
		3BF99F7E2763767D009A287C /* Sources */ = {
			isa = PBXSourcesBuildPhase;
			buildActionMask = 2147483647;
			files = (
				3BF99F872763767D009A287C /* Cryptal_BankTests.swift in Sources */,
			);
			runOnlyForDeploymentPostprocessing = 0;
		};
		3BF99F882763767D009A287C /* Sources */ = {
			isa = PBXSourcesBuildPhase;
			buildActionMask = 2147483647;
			files = (
				3BF99F932763767D009A287C /* Cryptal_BankUITestsLaunchTests.swift in Sources */,
				3BF99F912763767D009A287C /* Cryptal_BankUITests.swift in Sources */,
			);
			runOnlyForDeploymentPostprocessing = 0;
		};
/* End PBXSourcesBuildPhase section */

/* Begin PBXTargetDependency section */
		3BF99F842763767D009A287C /* PBXTargetDependency */ = {
			isa = PBXTargetDependency;
			target = 3BF99F682763767B009A287C /* Cryptal-Bank */;
			targetProxy = 3BF99F832763767D009A287C /* PBXContainerItemProxy */;
		};
		3BF99F8E2763767D009A287C /* PBXTargetDependency */ = {
			isa = PBXTargetDependency;
			target = 3BF99F682763767B009A287C /* Cryptal-Bank */;
			targetProxy = 3BF99F8D2763767D009A287C /* PBXContainerItemProxy */;
		};
/* End PBXTargetDependency section */

/* Begin PBXVariantGroup section */
		3BF99F722763767B009A287C /* Main.storyboard */ = {
			isa = PBXVariantGroup;
			children = (
				3BF99F732763767B009A287C /* Base */,
			);
			name = Main.storyboard;
			sourceTree = "<group>";
		};
		3BF99F7A2763767D009A287C /* LaunchScreen.storyboard */ = {
			isa = PBXVariantGroup;
			children = (
				3BF99F7B2763767D009A287C /* Base */,
			);
			name = LaunchScreen.storyboard;
			sourceTree = "<group>";
		};
/* End PBXVariantGroup section */

/* Begin XCBuildConfiguration section */
		3BF99F942763767D009A287C /* Debug */ = {
			isa = XCBuildConfiguration;
			buildSettings = {
				ALWAYS_SEARCH_USER_PATHS = NO;
				CLANG_ANALYZER_NONNULL = YES;
				CLANG_ANALYZER_NUMBER_OBJECT_CONVERSION = YES_AGGRESSIVE;
				CLANG_CXX_LANGUAGE_STANDARD = "gnu++17";
				CLANG_CXX_LIBRARY = "libc++";
				CLANG_ENABLE_MODULES = YES;
				CLANG_ENABLE_OBJC_ARC = YES;
				CLANG_ENABLE_OBJC_WEAK = YES;
				CLANG_WARN_BLOCK_CAPTURE_AUTORELEASING = YES;
				CLANG_WARN_BOOL_CONVERSION = YES;
				CLANG_WARN_COMMA = YES;
				CLANG_WARN_CONSTANT_CONVERSION = YES;
				CLANG_WARN_DEPRECATED_OBJC_IMPLEMENTATIONS = YES;
				CLANG_WARN_DIRECT_OBJC_ISA_USAGE = YES_ERROR;
				CLANG_WARN_DOCUMENTATION_COMMENTS = YES;
				CLANG_WARN_EMPTY_BODY = YES;
				CLANG_WARN_ENUM_CONVERSION = YES;
				CLANG_WARN_INFINITE_RECURSION = YES;
				CLANG_WARN_INT_CONVERSION = YES;
				CLANG_WARN_NON_LITERAL_NULL_CONVERSION = YES;
				CLANG_WARN_OBJC_IMPLICIT_RETAIN_SELF = YES;
				CLANG_WARN_OBJC_LITERAL_CONVERSION = YES;
				CLANG_WARN_OBJC_ROOT_CLASS = YES_ERROR;
				CLANG_WARN_QUOTED_INCLUDE_IN_FRAMEWORK_HEADER = YES;
				CLANG_WARN_RANGE_LOOP_ANALYSIS = YES;
				CLANG_WARN_STRICT_PROTOTYPES = YES;
				CLANG_WARN_SUSPICIOUS_MOVE = YES;
				CLANG_WARN_UNGUARDED_AVAILABILITY = YES_AGGRESSIVE;
				CLANG_WARN_UNREACHABLE_CODE = YES;
				CLANG_WARN__DUPLICATE_METHOD_MATCH = YES;
				COPY_PHASE_STRIP = NO;
				DEBUG_INFORMATION_FORMAT = dwarf;
				ENABLE_STRICT_OBJC_MSGSEND = YES;
				ENABLE_TESTABILITY = YES;
				GCC_C_LANGUAGE_STANDARD = gnu11;
				GCC_DYNAMIC_NO_PIC = NO;
				GCC_NO_COMMON_BLOCKS = YES;
				GCC_OPTIMIZATION_LEVEL = 0;
				GCC_PREPROCESSOR_DEFINITIONS = (
					"DEBUG=1",
					"$(inherited)",
				);
				GCC_WARN_64_TO_32_BIT_CONVERSION = YES;
				GCC_WARN_ABOUT_RETURN_TYPE = YES_ERROR;
				GCC_WARN_UNDECLARED_SELECTOR = YES;
				GCC_WARN_UNINITIALIZED_AUTOS = YES_AGGRESSIVE;
				GCC_WARN_UNUSED_FUNCTION = YES;
				GCC_WARN_UNUSED_VARIABLE = YES;
				IPHONEOS_DEPLOYMENT_TARGET = 15.0;
				MTL_ENABLE_DEBUG_INFO = INCLUDE_SOURCE;
				MTL_FAST_MATH = YES;
				ONLY_ACTIVE_ARCH = YES;
				SDKROOT = iphoneos;
				SWIFT_ACTIVE_COMPILATION_CONDITIONS = DEBUG;
				SWIFT_OPTIMIZATION_LEVEL = "-Onone";
			};
			name = Debug;
		};
		3BF99F952763767D009A287C /* Release */ = {
			isa = XCBuildConfiguration;
			buildSettings = {
				ALWAYS_SEARCH_USER_PATHS = NO;
				CLANG_ANALYZER_NONNULL = YES;
				CLANG_ANALYZER_NUMBER_OBJECT_CONVERSION = YES_AGGRESSIVE;
				CLANG_CXX_LANGUAGE_STANDARD = "gnu++17";
				CLANG_CXX_LIBRARY = "libc++";
				CLANG_ENABLE_MODULES = YES;
				CLANG_ENABLE_OBJC_ARC = YES;
				CLANG_ENABLE_OBJC_WEAK = YES;
				CLANG_WARN_BLOCK_CAPTURE_AUTORELEASING = YES;
				CLANG_WARN_BOOL_CONVERSION = YES;
				CLANG_WARN_COMMA = YES;
				CLANG_WARN_CONSTANT_CONVERSION = YES;
				CLANG_WARN_DEPRECATED_OBJC_IMPLEMENTATIONS = YES;
				CLANG_WARN_DIRECT_OBJC_ISA_USAGE = YES_ERROR;
				CLANG_WARN_DOCUMENTATION_COMMENTS = YES;
				CLANG_WARN_EMPTY_BODY = YES;
				CLANG_WARN_ENUM_CONVERSION = YES;
				CLANG_WARN_INFINITE_RECURSION = YES;
				CLANG_WARN_INT_CONVERSION = YES;
				CLANG_WARN_NON_LITERAL_NULL_CONVERSION = YES;
				CLANG_WARN_OBJC_IMPLICIT_RETAIN_SELF = YES;
				CLANG_WARN_OBJC_LITERAL_CONVERSION = YES;
				CLANG_WARN_OBJC_ROOT_CLASS = YES_ERROR;
				CLANG_WARN_QUOTED_INCLUDE_IN_FRAMEWORK_HEADER = YES;
				CLANG_WARN_RANGE_LOOP_ANALYSIS = YES;
				CLANG_WARN_STRICT_PROTOTYPES = YES;
				CLANG_WARN_SUSPICIOUS_MOVE = YES;
				CLANG_WARN_UNGUARDED_AVAILABILITY = YES_AGGRESSIVE;
				CLANG_WARN_UNREACHABLE_CODE = YES;
				CLANG_WARN__DUPLICATE_METHOD_MATCH = YES;
				COPY_PHASE_STRIP = NO;
				DEBUG_INFORMATION_FORMAT = "dwarf-with-dsym";
				ENABLE_NS_ASSERTIONS = NO;
				ENABLE_STRICT_OBJC_MSGSEND = YES;
				GCC_C_LANGUAGE_STANDARD = gnu11;
				GCC_NO_COMMON_BLOCKS = YES;
				GCC_WARN_64_TO_32_BIT_CONVERSION = YES;
				GCC_WARN_ABOUT_RETURN_TYPE = YES_ERROR;
				GCC_WARN_UNDECLARED_SELECTOR = YES;
				GCC_WARN_UNINITIALIZED_AUTOS = YES_AGGRESSIVE;
				GCC_WARN_UNUSED_FUNCTION = YES;
				GCC_WARN_UNUSED_VARIABLE = YES;
				IPHONEOS_DEPLOYMENT_TARGET = 15.0;
				MTL_ENABLE_DEBUG_INFO = NO;
				MTL_FAST_MATH = YES;
				SDKROOT = iphoneos;
				SWIFT_COMPILATION_MODE = wholemodule;
				SWIFT_OPTIMIZATION_LEVEL = "-O";
				VALIDATE_PRODUCT = YES;
			};
			name = Release;
		};
		3BF99F972763767D009A287C /* Debug */ = {
			isa = XCBuildConfiguration;
			buildSettings = {
				ASSETCATALOG_COMPILER_APPICON_NAME = AppIcon;
				ASSETCATALOG_COMPILER_GLOBAL_ACCENT_COLOR_NAME = AccentColor;
				CODE_SIGN_STYLE = Automatic;
				CURRENT_PROJECT_VERSION = 1;
				GENERATE_INFOPLIST_FILE = YES;
				INFOPLIST_FILE = "Cryptal-Bank/Info.plist";
				INFOPLIST_KEY_UIApplicationSupportsIndirectInputEvents = YES;
				INFOPLIST_KEY_UILaunchStoryboardName = LaunchScreen;
				INFOPLIST_KEY_UIMainStoryboardFile = Main;
				INFOPLIST_KEY_UISupportedInterfaceOrientations_iPad = "UIInterfaceOrientationPortrait UIInterfaceOrientationPortraitUpsideDown UIInterfaceOrientationLandscapeLeft UIInterfaceOrientationLandscapeRight";
				INFOPLIST_KEY_UISupportedInterfaceOrientations_iPhone = "UIInterfaceOrientationPortrait UIInterfaceOrientationLandscapeLeft UIInterfaceOrientationLandscapeRight";
				LD_RUNPATH_SEARCH_PATHS = (
					"$(inherited)",
					"@executable_path/Frameworks",
				);
				MARKETING_VERSION = 1.0;
				PRODUCT_BUNDLE_IDENTIFIER = "ika.ikakooo.pro.Cryptal-Bank";
				PRODUCT_NAME = "$(TARGET_NAME)";
				SWIFT_EMIT_LOC_STRINGS = YES;
				SWIFT_VERSION = 5.0;
				TARGETED_DEVICE_FAMILY = "1,2";
			};
			name = Debug;
		};
		3BF99F982763767D009A287C /* Release */ = {
			isa = XCBuildConfiguration;
			buildSettings = {
				ASSETCATALOG_COMPILER_APPICON_NAME = AppIcon;
				ASSETCATALOG_COMPILER_GLOBAL_ACCENT_COLOR_NAME = AccentColor;
				CODE_SIGN_STYLE = Automatic;
				CURRENT_PROJECT_VERSION = 1;
				GENERATE_INFOPLIST_FILE = YES;
				INFOPLIST_FILE = "Cryptal-Bank/Info.plist";
				INFOPLIST_KEY_UIApplicationSupportsIndirectInputEvents = YES;
				INFOPLIST_KEY_UILaunchStoryboardName = LaunchScreen;
				INFOPLIST_KEY_UIMainStoryboardFile = Main;
				INFOPLIST_KEY_UISupportedInterfaceOrientations_iPad = "UIInterfaceOrientationPortrait UIInterfaceOrientationPortraitUpsideDown UIInterfaceOrientationLandscapeLeft UIInterfaceOrientationLandscapeRight";
				INFOPLIST_KEY_UISupportedInterfaceOrientations_iPhone = "UIInterfaceOrientationPortrait UIInterfaceOrientationLandscapeLeft UIInterfaceOrientationLandscapeRight";
				LD_RUNPATH_SEARCH_PATHS = (
					"$(inherited)",
					"@executable_path/Frameworks",
				);
				MARKETING_VERSION = 1.0;
				PRODUCT_BUNDLE_IDENTIFIER = "ika.ikakooo.pro.Cryptal-Bank";
				PRODUCT_NAME = "$(TARGET_NAME)";
				SWIFT_EMIT_LOC_STRINGS = YES;
				SWIFT_VERSION = 5.0;
				TARGETED_DEVICE_FAMILY = "1,2";
			};
			name = Release;
		};
		3BF99F9A2763767D009A287C /* Debug */ = {
			isa = XCBuildConfiguration;
			buildSettings = {
				ALWAYS_EMBED_SWIFT_STANDARD_LIBRARIES = YES;
				BUNDLE_LOADER = "$(TEST_HOST)";
				CODE_SIGN_STYLE = Automatic;
				CURRENT_PROJECT_VERSION = 1;
				GENERATE_INFOPLIST_FILE = YES;
				IPHONEOS_DEPLOYMENT_TARGET = 15.0;
				LD_RUNPATH_SEARCH_PATHS = (
					"$(inherited)",
					"@executable_path/Frameworks",
					"@loader_path/Frameworks",
				);
				MARKETING_VERSION = 1.0;
				PRODUCT_BUNDLE_IDENTIFIER = "ika.ikakooo.pro.Cryptal-BankTests";
				PRODUCT_NAME = "$(TARGET_NAME)";
				SWIFT_EMIT_LOC_STRINGS = NO;
				SWIFT_VERSION = 5.0;
				TARGETED_DEVICE_FAMILY = "1,2";
				TEST_HOST = "$(BUILT_PRODUCTS_DIR)/Cryptal-Bank.app/Cryptal-Bank";
			};
			name = Debug;
		};
		3BF99F9B2763767D009A287C /* Release */ = {
			isa = XCBuildConfiguration;
			buildSettings = {
				ALWAYS_EMBED_SWIFT_STANDARD_LIBRARIES = YES;
				BUNDLE_LOADER = "$(TEST_HOST)";
				CODE_SIGN_STYLE = Automatic;
				CURRENT_PROJECT_VERSION = 1;
				GENERATE_INFOPLIST_FILE = YES;
				IPHONEOS_DEPLOYMENT_TARGET = 15.0;
				LD_RUNPATH_SEARCH_PATHS = (
					"$(inherited)",
					"@executable_path/Frameworks",
					"@loader_path/Frameworks",
				);
				MARKETING_VERSION = 1.0;
				PRODUCT_BUNDLE_IDENTIFIER = "ika.ikakooo.pro.Cryptal-BankTests";
				PRODUCT_NAME = "$(TARGET_NAME)";
				SWIFT_EMIT_LOC_STRINGS = NO;
				SWIFT_VERSION = 5.0;
				TARGETED_DEVICE_FAMILY = "1,2";
				TEST_HOST = "$(BUILT_PRODUCTS_DIR)/Cryptal-Bank.app/Cryptal-Bank";
			};
			name = Release;
		};
		3BF99F9D2763767D009A287C /* Debug */ = {
			isa = XCBuildConfiguration;
			buildSettings = {
				ALWAYS_EMBED_SWIFT_STANDARD_LIBRARIES = YES;
				CODE_SIGN_STYLE = Automatic;
				CURRENT_PROJECT_VERSION = 1;
				GENERATE_INFOPLIST_FILE = YES;
				LD_RUNPATH_SEARCH_PATHS = (
					"$(inherited)",
					"@executable_path/Frameworks",
					"@loader_path/Frameworks",
				);
				MARKETING_VERSION = 1.0;
				PRODUCT_BUNDLE_IDENTIFIER = "ika.ikakooo.pro.Cryptal-BankUITests";
				PRODUCT_NAME = "$(TARGET_NAME)";
				SWIFT_EMIT_LOC_STRINGS = NO;
				SWIFT_VERSION = 5.0;
				TARGETED_DEVICE_FAMILY = "1,2";
				TEST_TARGET_NAME = "Cryptal-Bank";
			};
			name = Debug;
		};
		3BF99F9E2763767D009A287C /* Release */ = {
			isa = XCBuildConfiguration;
			buildSettings = {
				ALWAYS_EMBED_SWIFT_STANDARD_LIBRARIES = YES;
				CODE_SIGN_STYLE = Automatic;
				CURRENT_PROJECT_VERSION = 1;
				GENERATE_INFOPLIST_FILE = YES;
				LD_RUNPATH_SEARCH_PATHS = (
					"$(inherited)",
					"@executable_path/Frameworks",
					"@loader_path/Frameworks",
				);
				MARKETING_VERSION = 1.0;
				PRODUCT_BUNDLE_IDENTIFIER = "ika.ikakooo.pro.Cryptal-BankUITests";
				PRODUCT_NAME = "$(TARGET_NAME)";
				SWIFT_EMIT_LOC_STRINGS = NO;
				SWIFT_VERSION = 5.0;
				TARGETED_DEVICE_FAMILY = "1,2";
				TEST_TARGET_NAME = "Cryptal-Bank";
			};
			name = Release;
		};
/* End XCBuildConfiguration section */

/* Begin XCConfigurationList section */
		3BF99F642763767B009A287C /* Build configuration list for PBXProject "Cryptal-Bank" */ = {
			isa = XCConfigurationList;
			buildConfigurations = (
				3BF99F942763767D009A287C /* Debug */,
				3BF99F952763767D009A287C /* Release */,
			);
			defaultConfigurationIsVisible = 0;
			defaultConfigurationName = Release;
		};
		3BF99F962763767D009A287C /* Build configuration list for PBXNativeTarget "Cryptal-Bank" */ = {
			isa = XCConfigurationList;
			buildConfigurations = (
				3BF99F972763767D009A287C /* Debug */,
				3BF99F982763767D009A287C /* Release */,
			);
			defaultConfigurationIsVisible = 0;
			defaultConfigurationName = Release;
		};
		3BF99F992763767D009A287C /* Build configuration list for PBXNativeTarget "Cryptal-BankTests" */ = {
			isa = XCConfigurationList;
			buildConfigurations = (
				3BF99F9A2763767D009A287C /* Debug */,
				3BF99F9B2763767D009A287C /* Release */,
			);
			defaultConfigurationIsVisible = 0;
			defaultConfigurationName = Release;
		};
		3BF99F9C2763767D009A287C /* Build configuration list for PBXNativeTarget "Cryptal-BankUITests" */ = {
			isa = XCConfigurationList;
			buildConfigurations = (
				3BF99F9D2763767D009A287C /* Debug */,
				3BF99F9E2763767D009A287C /* Release */,
			);
			defaultConfigurationIsVisible = 0;
			defaultConfigurationName = Release;
		};
/* End XCConfigurationList section */

/* Begin XCRemoteSwiftPackageReference section */
		3BF99FA127637C21009A287C /* XCRemoteSwiftPackageReference "firebase-ios-sdk" */ = {
			isa = XCRemoteSwiftPackageReference;
			repositoryURL = "https://github.com/firebase/firebase-ios-sdk";
			requirement = {
				kind = versionRange;
				maximumVersion = 9.0.0;
				minimumVersion = 8.0.0;
			};
		};
/* End XCRemoteSwiftPackageReference section */

/* Begin XCSwiftPackageProductDependency section */
		3BF99FA227637C21009A287C /* FirebaseAnalytics */ = {
			isa = XCSwiftPackageProductDependency;
			package = 3BF99FA127637C21009A287C /* XCRemoteSwiftPackageReference "firebase-ios-sdk" */;
			productName = FirebaseAnalytics;
		};
		3BF99FA427637C21009A287C /* FirebaseAnalyticsSwift-Beta */ = {
			isa = XCSwiftPackageProductDependency;
			package = 3BF99FA127637C21009A287C /* XCRemoteSwiftPackageReference "firebase-ios-sdk" */;
			productName = "FirebaseAnalyticsSwift-Beta";
		};
		3BF99FA627637C21009A287C /* FirebaseAnalyticsWithoutAdIdSupport */ = {
			isa = XCSwiftPackageProductDependency;
			package = 3BF99FA127637C21009A287C /* XCRemoteSwiftPackageReference "firebase-ios-sdk" */;
			productName = FirebaseAnalyticsWithoutAdIdSupport;
		};
		3BF99FA827637C21009A287C /* FirebaseAppCheck */ = {
			isa = XCSwiftPackageProductDependency;
			package = 3BF99FA127637C21009A287C /* XCRemoteSwiftPackageReference "firebase-ios-sdk" */;
			productName = FirebaseAppCheck;
		};
		3BF99FAA27637C21009A287C /* FirebaseAppDistribution-Beta */ = {
			isa = XCSwiftPackageProductDependency;
			package = 3BF99FA127637C21009A287C /* XCRemoteSwiftPackageReference "firebase-ios-sdk" */;
			productName = "FirebaseAppDistribution-Beta";
		};
		3BF99FAC27637C21009A287C /* FirebaseAuth */ = {
			isa = XCSwiftPackageProductDependency;
			package = 3BF99FA127637C21009A287C /* XCRemoteSwiftPackageReference "firebase-ios-sdk" */;
			productName = FirebaseAuth;
		};
		3BF99FAE27637C21009A287C /* FirebaseAuthCombine-Community */ = {
			isa = XCSwiftPackageProductDependency;
			package = 3BF99FA127637C21009A287C /* XCRemoteSwiftPackageReference "firebase-ios-sdk" */;
			productName = "FirebaseAuthCombine-Community";
		};
		3BF99FB027637C21009A287C /* FirebaseCrashlytics */ = {
			isa = XCSwiftPackageProductDependency;
			package = 3BF99FA127637C21009A287C /* XCRemoteSwiftPackageReference "firebase-ios-sdk" */;
			productName = FirebaseCrashlytics;
		};
		3BF99FB227637C21009A287C /* FirebaseDatabase */ = {
			isa = XCSwiftPackageProductDependency;
			package = 3BF99FA127637C21009A287C /* XCRemoteSwiftPackageReference "firebase-ios-sdk" */;
			productName = FirebaseDatabase;
		};
		3BF99FB427637C21009A287C /* FirebaseDatabaseSwift-Beta */ = {
			isa = XCSwiftPackageProductDependency;
			package = 3BF99FA127637C21009A287C /* XCRemoteSwiftPackageReference "firebase-ios-sdk" */;
			productName = "FirebaseDatabaseSwift-Beta";
		};
		3BF99FB627637C21009A287C /* FirebaseDynamicLinks */ = {
			isa = XCSwiftPackageProductDependency;
			package = 3BF99FA127637C21009A287C /* XCRemoteSwiftPackageReference "firebase-ios-sdk" */;
			productName = FirebaseDynamicLinks;
		};
		3BF99FB827637C21009A287C /* FirebaseFirestore */ = {
			isa = XCSwiftPackageProductDependency;
			package = 3BF99FA127637C21009A287C /* XCRemoteSwiftPackageReference "firebase-ios-sdk" */;
			productName = FirebaseFirestore;
		};
		3BF99FBA27637C21009A287C /* FirebaseFirestoreCombine-Community */ = {
			isa = XCSwiftPackageProductDependency;
			package = 3BF99FA127637C21009A287C /* XCRemoteSwiftPackageReference "firebase-ios-sdk" */;
			productName = "FirebaseFirestoreCombine-Community";
		};
		3BF99FBC27637C21009A287C /* FirebaseFirestoreSwift-Beta */ = {
			isa = XCSwiftPackageProductDependency;
			package = 3BF99FA127637C21009A287C /* XCRemoteSwiftPackageReference "firebase-ios-sdk" */;
			productName = "FirebaseFirestoreSwift-Beta";
		};
		3BF99FBE27637C21009A287C /* FirebaseFunctions */ = {
			isa = XCSwiftPackageProductDependency;
			package = 3BF99FA127637C21009A287C /* XCRemoteSwiftPackageReference "firebase-ios-sdk" */;
			productName = FirebaseFunctions;
		};
		3BF99FC027637C21009A287C /* FirebaseFunctionsCombine-Community */ = {
			isa = XCSwiftPackageProductDependency;
			package = 3BF99FA127637C21009A287C /* XCRemoteSwiftPackageReference "firebase-ios-sdk" */;
			productName = "FirebaseFunctionsCombine-Community";
		};
		3BF99FC227637C21009A287C /* FirebaseInAppMessaging-Beta */ = {
			isa = XCSwiftPackageProductDependency;
			package = 3BF99FA127637C21009A287C /* XCRemoteSwiftPackageReference "firebase-ios-sdk" */;
			productName = "FirebaseInAppMessaging-Beta";
		};
		3BF99FC427637C21009A287C /* FirebaseInAppMessagingSwift-Beta */ = {
			isa = XCSwiftPackageProductDependency;
			package = 3BF99FA127637C21009A287C /* XCRemoteSwiftPackageReference "firebase-ios-sdk" */;
			productName = "FirebaseInAppMessagingSwift-Beta";
		};
		3BF99FC627637C21009A287C /* FirebaseInstallations */ = {
			isa = XCSwiftPackageProductDependency;
			package = 3BF99FA127637C21009A287C /* XCRemoteSwiftPackageReference "firebase-ios-sdk" */;
			productName = FirebaseInstallations;
		};
		3BF99FC827637C21009A287C /* FirebaseMLModelDownloader */ = {
			isa = XCSwiftPackageProductDependency;
			package = 3BF99FA127637C21009A287C /* XCRemoteSwiftPackageReference "firebase-ios-sdk" */;
			productName = FirebaseMLModelDownloader;
		};
		3BF99FCA27637C21009A287C /* FirebaseMessaging */ = {
			isa = XCSwiftPackageProductDependency;
			package = 3BF99FA127637C21009A287C /* XCRemoteSwiftPackageReference "firebase-ios-sdk" */;
			productName = FirebaseMessaging;
		};
		3BF99FCC27637C21009A287C /* FirebasePerformance */ = {
			isa = XCSwiftPackageProductDependency;
			package = 3BF99FA127637C21009A287C /* XCRemoteSwiftPackageReference "firebase-ios-sdk" */;
			productName = FirebasePerformance;
		};
		3BF99FCE27637C21009A287C /* FirebaseRemoteConfig */ = {
			isa = XCSwiftPackageProductDependency;
			package = 3BF99FA127637C21009A287C /* XCRemoteSwiftPackageReference "firebase-ios-sdk" */;
			productName = FirebaseRemoteConfig;
		};
		3BF99FD027637C21009A287C /* FirebaseStorage */ = {
			isa = XCSwiftPackageProductDependency;
			package = 3BF99FA127637C21009A287C /* XCRemoteSwiftPackageReference "firebase-ios-sdk" */;
			productName = FirebaseStorage;
		};
		3BF99FD227637C21009A287C /* FirebaseStorageCombine-Community */ = {
			isa = XCSwiftPackageProductDependency;
			package = 3BF99FA127637C21009A287C /* XCRemoteSwiftPackageReference "firebase-ios-sdk" */;
			productName = "FirebaseStorageCombine-Community";
		};
		3BF99FD427637C21009A287C /* FirebaseStorageSwift-Beta */ = {
			isa = XCSwiftPackageProductDependency;
			package = 3BF99FA127637C21009A287C /* XCRemoteSwiftPackageReference "firebase-ios-sdk" */;
			productName = "FirebaseStorageSwift-Beta";
		};
/* End XCSwiftPackageProductDependency section */

/* Begin XCVersionGroup section */
		3BF99F752763767B009A287C /* Cryptal_Bank.xcdatamodeld */ = {
			isa = XCVersionGroup;
			children = (
				3BF99F762763767B009A287C /* Cryptal_Bank.xcdatamodel */,
			);
			currentVersion = 3BF99F762763767B009A287C /* Cryptal_Bank.xcdatamodel */;
			path = Cryptal_Bank.xcdatamodeld;
			sourceTree = "<group>";
			versionGroupType = wrapper.xcdatamodel;
		};
/* End XCVersionGroup section */
	};
	rootObject = 3BF99F612763767B009A287C /* Project object */;
}
